// !$*UTF8*$!
{
	archiveVersion = 1;
	classes = {
	};
	objectVersion = 56;
	objects = {

/* Begin PBXBuildFile section */
		760C74B92DF63ED8006FE801 /* Экран долгов завершенной поездки.pdf in Resources */ = {isa = PBXBuildFile; fileRef = 760C74AB2DF63ED7006FE801 /* Экран долгов завершенной поездки.pdf */; };
		760C74BA2DF63ED8006FE801 /* Детали расхода.pdf in Resources */ = {isa = PBXBuildFile; fileRef = 760C74AC2DF63ED7006FE801 /* Детали расхода.pdf */; };
		760C74BB2DF63ED8006FE801 /* Стартовый экран.pdf in Resources */ = {isa = PBXBuildFile; fileRef = 760C74AD2DF63ED8006FE801 /* Стартовый экран.pdf */; };
		760C74BC2DF63ED8006FE801 /* Регистрация.pdf in Resources */ = {isa = PBXBuildFile; fileRef = 760C74AE2DF63ED8006FE801 /* Регистрация.pdf */; };
		760C74BD2DF63ED8006FE801 /* Добавление расхода.pdf in Resources */ = {isa = PBXBuildFile; fileRef = 760C74AF2DF63ED8006FE801 /* Добавление расхода.pdf */; };
		760C74BE2DF63ED8006FE801 /* Экран долгов текущей поездки.pdf in Resources */ = {isa = PBXBuildFile; fileRef = 760C74B02DF63ED8006FE801 /* Экран долгов текущей поездки.pdf */; };
		760C74BF2DF63ED8006FE801 /* Детали поездки.pdf in Resources */ = {isa = PBXBuildFile; fileRef = 760C74B12DF63ED8006FE801 /* Детали поездки.pdf */; };
		760C74C02DF63ED8006FE801 /* Основной экран.pdf in Resources */ = {isa = PBXBuildFile; fileRef = 760C74B22DF63ED8006FE801 /* Основной экран.pdf */; };
		760C74C12DF63ED8006FE801 /* Настройки.pdf in Resources */ = {isa = PBXBuildFile; fileRef = 760C74B32DF63ED8006FE801 /* Настройки.pdf */; };
		760C74C22DF63ED8006FE801 /* Создание поездки.pdf in Resources */ = {isa = PBXBuildFile; fileRef = 760C74B42DF63ED8006FE801 /* Создание поездки.pdf */; };
		760C74C32DF63ED8006FE801 /* Поездка.pdf in Resources */ = {isa = PBXBuildFile; fileRef = 760C74B52DF63ED8006FE801 /* Поездка.pdf */; };
		760C74C42DF63ED8006FE801 /* Уведомления.pdf in Resources */ = {isa = PBXBuildFile; fileRef = 760C74B62DF63ED8006FE801 /* Уведомления.pdf */; };
		760C74C52DF63ED8006FE801 /* Детали погашения долга.pdf in Resources */ = {isa = PBXBuildFile; fileRef = 760C74B72DF63ED8006FE801 /* Детали погашения долга.pdf */; };
		760C74C62DF63ED8006FE801 /* Аутенфикация.pdf in Resources */ = {isa = PBXBuildFile; fileRef = 760C74B82DF63ED8006FE801 /* Аутенфикация.pdf */; };
		760C74DF2DF64280006FE801 /* CreateTripView.swift in Sources */ = {isa = PBXBuildFile; fileRef = 760C74C82DF64280006FE801 /* CreateTripView.swift */; };
		760C74E02DF64280006FE801 /* CreateTripViewController.swift in Sources */ = {isa = PBXBuildFile; fileRef = 760C74C92DF64280006FE801 /* CreateTripViewController.swift */; };
		760C74E12DF64280006FE801 /* CreateTripViewModel.swift in Sources */ = {isa = PBXBuildFile; fileRef = 760C74CA2DF64280006FE801 /* CreateTripViewModel.swift */; };
		760C74E22DF64280006FE801 /* TripDetailViewController.swift in Sources */ = {isa = PBXBuildFile; fileRef = 760C74CC2DF64280006FE801 /* TripDetailViewController.swift */; };
		760C74E32DF64280006FE801 /* TripDetailView.swift in Sources */ = {isa = PBXBuildFile; fileRef = 760C74CD2DF64280006FE801 /* TripDetailView.swift */; };
		760C74E42DF64280006FE801 /* TripDetailViewModel.swift in Sources */ = {isa = PBXBuildFile; fileRef = 760C74CE2DF64280006FE801 /* TripDetailViewModel.swift */; };
		760C74E52DF64280006FE801 /* DebtsViewModel.swift in Sources */ = {isa = PBXBuildFile; fileRef = 760C74D02DF64280006FE801 /* DebtsViewModel.swift */; };
		760C74E62DF64280006FE801 /* DebtsView.swift in Sources */ = {isa = PBXBuildFile; fileRef = 760C74D12DF64280006FE801 /* DebtsView.swift */; };
		760C74E72DF64280006FE801 /* DebtsViewController.swift in Sources */ = {isa = PBXBuildFile; fileRef = 760C74D22DF64280006FE801 /* DebtsViewController.swift */; };
		760C74E82DF64280006FE801 /* NotificationsView.swift in Sources */ = {isa = PBXBuildFile; fileRef = 760C74D42DF64280006FE801 /* NotificationsView.swift */; };
		760C74E92DF64280006FE801 /* NotificationsViewModel.swift in Sources */ = {isa = PBXBuildFile; fileRef = 760C74D52DF64280006FE801 /* NotificationsViewModel.swift */; };
		760C74EA2DF64280006FE801 /* NotificationsViewController.swift in Sources */ = {isa = PBXBuildFile; fileRef = 760C74D62DF64280006FE801 /* NotificationsViewController.swift */; };
		760C74EB2DF64280006FE801 /* SettingsView.swift in Sources */ = {isa = PBXBuildFile; fileRef = 760C74D82DF64280006FE801 /* SettingsView.swift */; };
		760C74EC2DF64280006FE801 /* SettingsViewModel.swift in Sources */ = {isa = PBXBuildFile; fileRef = 760C74D92DF64280006FE801 /* SettingsViewModel.swift */; };
		760C74ED2DF64280006FE801 /* SettingsViewController.swift in Sources */ = {isa = PBXBuildFile; fileRef = 760C74DA2DF64280006FE801 /* SettingsViewController.swift */; };
		760C74EE2DF64280006FE801 /* DebtDetailViewController.swift in Sources */ = {isa = PBXBuildFile; fileRef = 760C74DC2DF64280006FE801 /* DebtDetailViewController.swift */; };
		760C74EF2DF64280006FE801 /* DebtDetailView.swift in Sources */ = {isa = PBXBuildFile; fileRef = 760C74DD2DF64280006FE801 /* DebtDetailView.swift */; };
		760C74F02DF64280006FE801 /* DebtDetailViewModel.swift in Sources */ = {isa = PBXBuildFile; fileRef = 760C74DE2DF64280006FE801 /* DebtDetailViewModel.swift */; };
		760C74F52DF643C3006FE801 /* StartView.swift in Sources */ = {isa = PBXBuildFile; fileRef = 760C74F22DF643C3006FE801 /* StartView.swift */; };
		760C74F62DF643C3006FE801 /* StartViewModel.swift in Sources */ = {isa = PBXBuildFile; fileRef = 760C74F32DF643C3006FE801 /* StartViewModel.swift */; };
		760C74F72DF643C3006FE801 /* StartViewController.swift in Sources */ = {isa = PBXBuildFile; fileRef = 760C74F42DF643C3006FE801 /* StartViewController.swift */; };
		760C74F92DF647A2006FE801 /* MockAPIService.swift in Sources */ = {isa = PBXBuildFile; fileRef = 760C74F82DF647A1006FE801 /* MockAPIService.swift */; };
		760C74FC2DF65043006FE801 /* ParticipantTokenView.swift in Sources */ = {isa = PBXBuildFile; fileRef = 760C74FB2DF65042006FE801 /* ParticipantTokenView.swift */; };
		762A60972DE468E700F31E34 /* CustomTableCell.swift in Sources */ = {isa = PBXBuildFile; fileRef = 762A60962DE468E700F31E34 /* CustomTableCell.swift */; };
		762A60992DE4690E00F31E34 /* FilterCell.swift in Sources */ = {isa = PBXBuildFile; fileRef = 762A60982DE4690E00F31E34 /* FilterCell.swift */; };
		762A609C2DE4AB4900F31E34 /* AddExpenseView.swift in Sources */ = {isa = PBXBuildFile; fileRef = 762A609B2DE4AB4900F31E34 /* AddExpenseView.swift */; };
		762A609E2DE4AB5400F31E34 /* AddExpenseViewModel.swift in Sources */ = {isa = PBXBuildFile; fileRef = 762A609D2DE4AB5400F31E34 /* AddExpenseViewModel.swift */; };
		762A60A02DE4AB6600F31E34 /* AddExpenseViewController.swift in Sources */ = {isa = PBXBuildFile; fileRef = 762A609F2DE4AB6600F31E34 /* AddExpenseViewController.swift */; };
		764CD7322DC3EDF600900B78 /* AppDelegate.swift in Sources */ = {isa = PBXBuildFile; fileRef = 764CD7312DC3EDF600900B78 /* AppDelegate.swift */; };
		764CD7342DC3EDF600900B78 /* SceneDelegate.swift in Sources */ = {isa = PBXBuildFile; fileRef = 764CD7332DC3EDF600900B78 /* SceneDelegate.swift */; };
		764CD7362DC3EDF600900B78 /* AuthView.swift in Sources */ = {isa = PBXBuildFile; fileRef = 764CD7352DC3EDF600900B78 /* AuthView.swift */; };
		764CD73C2DC3EDF600900B78 /* T_Trips.xcdatamodeld in Sources */ = {isa = PBXBuildFile; fileRef = 764CD73A2DC3EDF600900B78 /* T_Trips.xcdatamodeld */; };
		764CD73E2DC3EDFC00900B78 /* Assets.xcassets in Resources */ = {isa = PBXBuildFile; fileRef = 764CD73D2DC3EDFC00900B78 /* Assets.xcassets */; };
		764CD74A2DC3F7B800900B78 /* SnapKit in Frameworks */ = {isa = PBXBuildFile; productRef = 764CD7492DC3F7B800900B78 /* SnapKit */; };
		764CD74C2DC3FD0600900B78 /* .swiftlint.yml in Resources */ = {isa = PBXBuildFile; fileRef = 764CD74B2DC3FD0600900B78 /* .swiftlint.yml */; };
		766E62F52DD22DA200E70F12 /* TextFieldModel.swift in Sources */ = {isa = PBXBuildFile; fileRef = 766E62F42DD22DA100E70F12 /* TextFieldModel.swift */; };
		766E62F72DD22DCB00E70F12 /* CustomTextField.swift in Sources */ = {isa = PBXBuildFile; fileRef = 766E62F62DD22DCB00E70F12 /* CustomTextField.swift */; };
		766E62F92DD22DE900E70F12 /* TextFieldFactory.swift in Sources */ = {isa = PBXBuildFile; fileRef = 766E62F82DD22DE900E70F12 /* TextFieldFactory.swift */; };
		766E62FB2DD2317A00E70F12 /* CustomTextFieldDelegate.swift in Sources */ = {isa = PBXBuildFile; fileRef = 766E62FA2DD2317A00E70F12 /* CustomTextFieldDelegate.swift */; };
		7673177A2DE4D4AB00017BCB /* Debt.swift in Sources */ = {isa = PBXBuildFile; fileRef = 767317792DE4D4AB00017BCB /* Debt.swift */; };
		7673177C2DE4D4C800017BCB /* Notification.swift in Sources */ = {isa = PBXBuildFile; fileRef = 7673177B2DE4D4C800017BCB /* Notification.swift */; };
		7673177E2DE4D79800017BCB /* Mocks.swift in Sources */ = {isa = PBXBuildFile; fileRef = 7673177D2DE4D79800017BCB /* Mocks.swift */; };
		767317802DE4DA0800017BCB /* TripParticipant.swift in Sources */ = {isa = PBXBuildFile; fileRef = 7673177F2DE4DA0800017BCB /* TripParticipant.swift */; };
		767A42172DDF7FA6008970ED /* RegisterView.swift in Sources */ = {isa = PBXBuildFile; fileRef = 767A42162DDF7FA6008970ED /* RegisterView.swift */; };
		767A421A2DDF8183008970ED /* RegisterViewModel.swift in Sources */ = {isa = PBXBuildFile; fileRef = 767A42192DDF8183008970ED /* RegisterViewModel.swift */; };
		767A421C2DDF826C008970ED /* RegisterViewController.swift in Sources */ = {isa = PBXBuildFile; fileRef = 767A421B2DDF826C008970ED /* RegisterViewController.swift */; };
		767A42372DE1014E008970ED /* TripsView.swift in Sources */ = {isa = PBXBuildFile; fileRef = 767A42362DE1014E008970ED /* TripsView.swift */; };
		767A42392DE10166008970ED /* TripsViewModel.swift in Sources */ = {isa = PBXBuildFile; fileRef = 767A42382DE10166008970ED /* TripsViewModel.swift */; };
		767A423B2DE1017E008970ED /* TripsViewController.swift in Sources */ = {isa = PBXBuildFile; fileRef = 767A423A2DE1017E008970ED /* TripsViewController.swift */; };
		767A423E2DE11511008970ED /* User.swift in Sources */ = {isa = PBXBuildFile; fileRef = 767A423D2DE11511008970ED /* User.swift */; };
		767A42402DE11525008970ED /* Trip.swift in Sources */ = {isa = PBXBuildFile; fileRef = 767A423F2DE11525008970ED /* Trip.swift */; };
		767A42422DE12430008970ED /* MainTabBarController.swift in Sources */ = {isa = PBXBuildFile; fileRef = 767A42412DE12430008970ED /* MainTabBarController.swift */; };
		767D33392DE37D7F00F66264 /* Extentions.swift in Sources */ = {isa = PBXBuildFile; fileRef = 767D33382DE37D7F00F66264 /* Extentions.swift */; };
		767D333C2DE3C38700F66264 /* TripView.swift in Sources */ = {isa = PBXBuildFile; fileRef = 767D333B2DE3C38700F66264 /* TripView.swift */; };
		767D333E2DE3C39100F66264 /* TripViewModel.swift in Sources */ = {isa = PBXBuildFile; fileRef = 767D333D2DE3C39100F66264 /* TripViewModel.swift */; };
		767D33402DE3C3A300F66264 /* TripViewController.swift in Sources */ = {isa = PBXBuildFile; fileRef = 767D333F2DE3C3A300F66264 /* TripViewController.swift */; };
		767D33422DE3C4AF00F66264 /* Expense.swift in Sources */ = {isa = PBXBuildFile; fileRef = 767D33412DE3C4AF00F66264 /* Expense.swift */; };
		769953592DF7CB5A00EC069B /* NotificationManager.swift in Sources */ = {isa = PBXBuildFile; fileRef = 769953582DF7CB5A00EC069B /* NotificationManager.swift */; };
		76AE6E632DE65E1F0061BDA3 /* ExpenseDetailView.swift in Sources */ = {isa = PBXBuildFile; fileRef = 76AE6E622DE65E1F0061BDA3 /* ExpenseDetailView.swift */; };
		76AE6E652DE65E4C0061BDA3 /* ExpenseDetailViewModel.swift in Sources */ = {isa = PBXBuildFile; fileRef = 76AE6E642DE65E4C0061BDA3 /* ExpenseDetailViewModel.swift */; };
		76AE6E672DE65E660061BDA3 /* ExpenseDetailViewController.swift in Sources */ = {isa = PBXBuildFile; fileRef = 76AE6E662DE65E660061BDA3 /* ExpenseDetailViewController.swift */; };
		76B8F7442DF72B2E00753078 /* TokenStackView.swift in Sources */ = {isa = PBXBuildFile; fileRef = 76B8F7432DF72B2E00753078 /* TokenStackView.swift */; };
		76B8F7462DF72E9500753078 /* TokenWrappingView.swift in Sources */ = {isa = PBXBuildFile; fileRef = 76B8F7452DF72E9500753078 /* TokenWrappingView.swift */; };
		76B8F7482DF77A3D00753078 /* SettingsCell.swift in Sources */ = {isa = PBXBuildFile; fileRef = 76B8F7472DF77A3D00753078 /* SettingsCell.swift */; };
		76B8F74D2DF7818A00753078 /* Localizable.strings in Resources */ = {isa = PBXBuildFile; fileRef = 76B8F74A2DF7818A00753078 /* Localizable.strings */; };
		76B8F7602DF7869E00753078 /* LanguagesView.swift in Sources */ = {isa = PBXBuildFile; fileRef = 76B8F75D2DF7869D00753078 /* LanguagesView.swift */; };
		76B8F7612DF7869E00753078 /* LanguagesViewModel.swift in Sources */ = {isa = PBXBuildFile; fileRef = 76B8F75E2DF7869D00753078 /* LanguagesViewModel.swift */; };
		76B8F7622DF7869E00753078 /* LanguagesViewController.swift in Sources */ = {isa = PBXBuildFile; fileRef = 76B8F75F2DF7869D00753078 /* LanguagesViewController.swift */; };
		76B8F7642DF786D300753078 /* LocalizationManager.swift in Sources */ = {isa = PBXBuildFile; fileRef = 76B8F7632DF786D300753078 /* LocalizationManager.swift */; };
		76B8F7692DF7912D00753078 /* EditProfileView.swift in Sources */ = {isa = PBXBuildFile; fileRef = 76B8F7662DF7912D00753078 /* EditProfileView.swift */; };
		76B8F76A2DF7912D00753078 /* EditProfileViewController.swift in Sources */ = {isa = PBXBuildFile; fileRef = 76B8F7672DF7912D00753078 /* EditProfileViewController.swift */; };
		76B8F76B2DF7912D00753078 /* EditProfileViewModel.swift in Sources */ = {isa = PBXBuildFile; fileRef = 76B8F7682DF7912D00753078 /* EditProfileViewModel.swift */; };
		76B8F76D2DF7942200753078 /* DebtCell.swift in Sources */ = {isa = PBXBuildFile; fileRef = 76B8F76C2DF7942200753078 /* DebtCell.swift */; };
		76B8F76F2DF7C53E00753078 /* InvitationCell.swift in Sources */ = {isa = PBXBuildFile; fileRef = 76B8F76E2DF7C53D00753078 /* InvitationCell.swift */; };
		76BD79882DD0AF8300FB7A75 /* ButtonActionHandler.swift in Sources */ = {isa = PBXBuildFile; fileRef = 76BD79872DD0AF8300FB7A75 /* ButtonActionHandler.swift */; };
		76BD798B2DD0AFF500FB7A75 /* ButtonModel.swift in Sources */ = {isa = PBXBuildFile; fileRef = 76BD798A2DD0AFF500FB7A75 /* ButtonModel.swift */; };
		76BD798D2DD0B05800FB7A75 /* ButtonFactory.swift in Sources */ = {isa = PBXBuildFile; fileRef = 76BD798C2DD0B05800FB7A75 /* ButtonFactory.swift */; };
		76BD798F2DD0B07500FB7A75 /* CustomButton.swift in Sources */ = {isa = PBXBuildFile; fileRef = 76BD798E2DD0B07400FB7A75 /* CustomButton.swift */; };
		76D60E6C2DDF6F6B001C542A /* AuthViewModel.swift in Sources */ = {isa = PBXBuildFile; fileRef = 76D60E6B2DDF6F6B001C542A /* AuthViewModel.swift */; };
		76D60E6E2DDF6F8A001C542A /* AuthViewController.swift in Sources */ = {isa = PBXBuildFile; fileRef = 76D60E6D2DDF6F8A001C542A /* AuthViewController.swift */; };
		FF195912128E4480BB7D2F25 /* Localization.swift in Sources */ = {isa = PBXBuildFile; fileRef = 3A06DB9FEBA540F9AF340769 /* Localization.swift */; };
/* End PBXBuildFile section */

/* Begin PBXFileReference section */
		3A06DB9FEBA540F9AF340769 /* Localization.swift */ = {isa = PBXFileReference; fileEncoding = 4; lastKnownFileType = sourcecode.swift; path = Localization.swift; sourceTree = "<group>"; };
		760C74AB2DF63ED7006FE801 /* Экран долгов завершенной поездки.pdf */ = {isa = PBXFileReference; lastKnownFileType = image.pdf; path = "Экран долгов завершенной поездки.pdf"; sourceTree = "<group>"; };
		760C74AC2DF63ED7006FE801 /* Детали расхода.pdf */ = {isa = PBXFileReference; lastKnownFileType = image.pdf; path = "Детали расхода.pdf"; sourceTree = "<group>"; };
		760C74AD2DF63ED8006FE801 /* Стартовый экран.pdf */ = {isa = PBXFileReference; lastKnownFileType = image.pdf; path = "Стартовый экран.pdf"; sourceTree = "<group>"; };
		760C74AE2DF63ED8006FE801 /* Регистрация.pdf */ = {isa = PBXFileReference; lastKnownFileType = image.pdf; path = "Регистрация.pdf"; sourceTree = "<group>"; };
		760C74AF2DF63ED8006FE801 /* Добавление расхода.pdf */ = {isa = PBXFileReference; lastKnownFileType = image.pdf; path = "Добавление расхода.pdf"; sourceTree = "<group>"; };
		760C74B02DF63ED8006FE801 /* Экран долгов текущей поездки.pdf */ = {isa = PBXFileReference; lastKnownFileType = image.pdf; path = "Экран долгов текущей поездки.pdf"; sourceTree = "<group>"; };
		760C74B12DF63ED8006FE801 /* Детали поездки.pdf */ = {isa = PBXFileReference; lastKnownFileType = image.pdf; path = "Детали поездки.pdf"; sourceTree = "<group>"; };
		760C74B22DF63ED8006FE801 /* Основной экран.pdf */ = {isa = PBXFileReference; lastKnownFileType = image.pdf; path = "Основной экран.pdf"; sourceTree = "<group>"; };
		760C74B32DF63ED8006FE801 /* Настройки.pdf */ = {isa = PBXFileReference; lastKnownFileType = image.pdf; path = "Настройки.pdf"; sourceTree = "<group>"; };
		760C74B42DF63ED8006FE801 /* Создание поездки.pdf */ = {isa = PBXFileReference; lastKnownFileType = image.pdf; path = "Создание поездки.pdf"; sourceTree = "<group>"; };
		760C74B52DF63ED8006FE801 /* Поездка.pdf */ = {isa = PBXFileReference; lastKnownFileType = image.pdf; path = "Поездка.pdf"; sourceTree = "<group>"; };
		760C74B62DF63ED8006FE801 /* Уведомления.pdf */ = {isa = PBXFileReference; lastKnownFileType = image.pdf; path = "Уведомления.pdf"; sourceTree = "<group>"; };
		760C74B72DF63ED8006FE801 /* Детали погашения долга.pdf */ = {isa = PBXFileReference; lastKnownFileType = image.pdf; path = "Детали погашения долга.pdf"; sourceTree = "<group>"; };
		760C74B82DF63ED8006FE801 /* Аутенфикация.pdf */ = {isa = PBXFileReference; lastKnownFileType = image.pdf; path = "Аутенфикация.pdf"; sourceTree = "<group>"; };
		760C74C82DF64280006FE801 /* CreateTripView.swift */ = {isa = PBXFileReference; fileEncoding = 4; lastKnownFileType = sourcecode.swift; path = CreateTripView.swift; sourceTree = "<group>"; };
		760C74C92DF64280006FE801 /* CreateTripViewController.swift */ = {isa = PBXFileReference; fileEncoding = 4; lastKnownFileType = sourcecode.swift; path = CreateTripViewController.swift; sourceTree = "<group>"; };
		760C74CA2DF64280006FE801 /* CreateTripViewModel.swift */ = {isa = PBXFileReference; fileEncoding = 4; lastKnownFileType = sourcecode.swift; path = CreateTripViewModel.swift; sourceTree = "<group>"; };
		760C74CC2DF64280006FE801 /* TripDetailViewController.swift */ = {isa = PBXFileReference; fileEncoding = 4; lastKnownFileType = sourcecode.swift; path = TripDetailViewController.swift; sourceTree = "<group>"; };
		760C74CD2DF64280006FE801 /* TripDetailView.swift */ = {isa = PBXFileReference; fileEncoding = 4; lastKnownFileType = sourcecode.swift; path = TripDetailView.swift; sourceTree = "<group>"; };
		760C74CE2DF64280006FE801 /* TripDetailViewModel.swift */ = {isa = PBXFileReference; fileEncoding = 4; lastKnownFileType = sourcecode.swift; path = TripDetailViewModel.swift; sourceTree = "<group>"; };
		760C74D02DF64280006FE801 /* DebtsViewModel.swift */ = {isa = PBXFileReference; fileEncoding = 4; lastKnownFileType = sourcecode.swift; path = DebtsViewModel.swift; sourceTree = "<group>"; };
		760C74D12DF64280006FE801 /* DebtsView.swift */ = {isa = PBXFileReference; fileEncoding = 4; lastKnownFileType = sourcecode.swift; path = DebtsView.swift; sourceTree = "<group>"; };
		760C74D22DF64280006FE801 /* DebtsViewController.swift */ = {isa = PBXFileReference; fileEncoding = 4; lastKnownFileType = sourcecode.swift; path = DebtsViewController.swift; sourceTree = "<group>"; };
		760C74D42DF64280006FE801 /* NotificationsView.swift */ = {isa = PBXFileReference; fileEncoding = 4; lastKnownFileType = sourcecode.swift; path = NotificationsView.swift; sourceTree = "<group>"; };
		760C74D52DF64280006FE801 /* NotificationsViewModel.swift */ = {isa = PBXFileReference; fileEncoding = 4; lastKnownFileType = sourcecode.swift; path = NotificationsViewModel.swift; sourceTree = "<group>"; };
		760C74D62DF64280006FE801 /* NotificationsViewController.swift */ = {isa = PBXFileReference; fileEncoding = 4; lastKnownFileType = sourcecode.swift; path = NotificationsViewController.swift; sourceTree = "<group>"; };
		760C74D82DF64280006FE801 /* SettingsView.swift */ = {isa = PBXFileReference; fileEncoding = 4; lastKnownFileType = sourcecode.swift; path = SettingsView.swift; sourceTree = "<group>"; };
		760C74D92DF64280006FE801 /* SettingsViewModel.swift */ = {isa = PBXFileReference; fileEncoding = 4; lastKnownFileType = sourcecode.swift; path = SettingsViewModel.swift; sourceTree = "<group>"; };
		760C74DA2DF64280006FE801 /* SettingsViewController.swift */ = {isa = PBXFileReference; fileEncoding = 4; lastKnownFileType = sourcecode.swift; path = SettingsViewController.swift; sourceTree = "<group>"; };
		760C74DC2DF64280006FE801 /* DebtDetailViewController.swift */ = {isa = PBXFileReference; fileEncoding = 4; lastKnownFileType = sourcecode.swift; path = DebtDetailViewController.swift; sourceTree = "<group>"; };
		760C74DD2DF64280006FE801 /* DebtDetailView.swift */ = {isa = PBXFileReference; fileEncoding = 4; lastKnownFileType = sourcecode.swift; path = DebtDetailView.swift; sourceTree = "<group>"; };
		760C74DE2DF64280006FE801 /* DebtDetailViewModel.swift */ = {isa = PBXFileReference; fileEncoding = 4; lastKnownFileType = sourcecode.swift; path = DebtDetailViewModel.swift; sourceTree = "<group>"; };
		760C74F22DF643C3006FE801 /* StartView.swift */ = {isa = PBXFileReference; fileEncoding = 4; lastKnownFileType = sourcecode.swift; path = StartView.swift; sourceTree = "<group>"; };
		760C74F32DF643C3006FE801 /* StartViewModel.swift */ = {isa = PBXFileReference; fileEncoding = 4; lastKnownFileType = sourcecode.swift; path = StartViewModel.swift; sourceTree = "<group>"; };
		760C74F42DF643C3006FE801 /* StartViewController.swift */ = {isa = PBXFileReference; fileEncoding = 4; lastKnownFileType = sourcecode.swift; path = StartViewController.swift; sourceTree = "<group>"; };
		760C74F82DF647A1006FE801 /* MockAPIService.swift */ = {isa = PBXFileReference; fileEncoding = 4; lastKnownFileType = sourcecode.swift; path = MockAPIService.swift; sourceTree = "<group>"; };
		760C74FB2DF65042006FE801 /* ParticipantTokenView.swift */ = {isa = PBXFileReference; fileEncoding = 4; lastKnownFileType = sourcecode.swift; path = ParticipantTokenView.swift; sourceTree = "<group>"; };
		762A60962DE468E700F31E34 /* CustomTableCell.swift */ = {isa = PBXFileReference; lastKnownFileType = sourcecode.swift; path = CustomTableCell.swift; sourceTree = "<group>"; };
		762A60982DE4690E00F31E34 /* FilterCell.swift */ = {isa = PBXFileReference; lastKnownFileType = sourcecode.swift; path = FilterCell.swift; sourceTree = "<group>"; };
		762A609B2DE4AB4900F31E34 /* AddExpenseView.swift */ = {isa = PBXFileReference; lastKnownFileType = sourcecode.swift; path = AddExpenseView.swift; sourceTree = "<group>"; };
		762A609D2DE4AB5400F31E34 /* AddExpenseViewModel.swift */ = {isa = PBXFileReference; lastKnownFileType = sourcecode.swift; path = AddExpenseViewModel.swift; sourceTree = "<group>"; };
		762A609F2DE4AB6600F31E34 /* AddExpenseViewController.swift */ = {isa = PBXFileReference; lastKnownFileType = sourcecode.swift; path = AddExpenseViewController.swift; sourceTree = "<group>"; };
		764CD72E2DC3EDF600900B78 /* T-Trips.app */ = {isa = PBXFileReference; explicitFileType = wrapper.application; includeInIndex = 0; path = "T-Trips.app"; sourceTree = BUILT_PRODUCTS_DIR; };
		764CD7312DC3EDF600900B78 /* AppDelegate.swift */ = {isa = PBXFileReference; lastKnownFileType = sourcecode.swift; path = AppDelegate.swift; sourceTree = "<group>"; };
		764CD7332DC3EDF600900B78 /* SceneDelegate.swift */ = {isa = PBXFileReference; lastKnownFileType = sourcecode.swift; path = SceneDelegate.swift; sourceTree = "<group>"; };
		764CD7352DC3EDF600900B78 /* AuthView.swift */ = {isa = PBXFileReference; lastKnownFileType = sourcecode.swift; path = AuthView.swift; sourceTree = "<group>"; };
		764CD73B2DC3EDF600900B78 /* T_Trips.xcdatamodel */ = {isa = PBXFileReference; lastKnownFileType = wrapper.xcdatamodel; path = T_Trips.xcdatamodel; sourceTree = "<group>"; };
		764CD73D2DC3EDFC00900B78 /* Assets.xcassets */ = {isa = PBXFileReference; lastKnownFileType = folder.assetcatalog; path = Assets.xcassets; sourceTree = "<group>"; };
		764CD7422DC3EDFC00900B78 /* Info.plist */ = {isa = PBXFileReference; lastKnownFileType = text.plist.xml; path = Info.plist; sourceTree = "<group>"; };
		764CD74B2DC3FD0600900B78 /* .swiftlint.yml */ = {isa = PBXFileReference; lastKnownFileType = text.yaml; path = .swiftlint.yml; sourceTree = "<group>"; };
		766E62F42DD22DA100E70F12 /* TextFieldModel.swift */ = {isa = PBXFileReference; lastKnownFileType = sourcecode.swift; path = TextFieldModel.swift; sourceTree = "<group>"; };
		766E62F62DD22DCB00E70F12 /* CustomTextField.swift */ = {isa = PBXFileReference; lastKnownFileType = sourcecode.swift; path = CustomTextField.swift; sourceTree = "<group>"; };
		766E62F82DD22DE900E70F12 /* TextFieldFactory.swift */ = {isa = PBXFileReference; lastKnownFileType = sourcecode.swift; path = TextFieldFactory.swift; sourceTree = "<group>"; };
		766E62FA2DD2317A00E70F12 /* CustomTextFieldDelegate.swift */ = {isa = PBXFileReference; lastKnownFileType = sourcecode.swift; path = CustomTextFieldDelegate.swift; sourceTree = "<group>"; };
		767317792DE4D4AB00017BCB /* Debt.swift */ = {isa = PBXFileReference; lastKnownFileType = sourcecode.swift; path = Debt.swift; sourceTree = "<group>"; };
		7673177B2DE4D4C800017BCB /* Notification.swift */ = {isa = PBXFileReference; lastKnownFileType = sourcecode.swift; path = Notification.swift; sourceTree = "<group>"; };
		7673177D2DE4D79800017BCB /* Mocks.swift */ = {isa = PBXFileReference; lastKnownFileType = sourcecode.swift; path = Mocks.swift; sourceTree = "<group>"; };
		7673177F2DE4DA0800017BCB /* TripParticipant.swift */ = {isa = PBXFileReference; lastKnownFileType = sourcecode.swift; path = TripParticipant.swift; sourceTree = "<group>"; };
		767A42162DDF7FA6008970ED /* RegisterView.swift */ = {isa = PBXFileReference; lastKnownFileType = sourcecode.swift; path = RegisterView.swift; sourceTree = "<group>"; };
		767A42192DDF8183008970ED /* RegisterViewModel.swift */ = {isa = PBXFileReference; lastKnownFileType = sourcecode.swift; path = RegisterViewModel.swift; sourceTree = "<group>"; };
		767A421B2DDF826C008970ED /* RegisterViewController.swift */ = {isa = PBXFileReference; lastKnownFileType = sourcecode.swift; path = RegisterViewController.swift; sourceTree = "<group>"; };
		767A42362DE1014E008970ED /* TripsView.swift */ = {isa = PBXFileReference; lastKnownFileType = sourcecode.swift; path = TripsView.swift; sourceTree = "<group>"; };
		767A42382DE10166008970ED /* TripsViewModel.swift */ = {isa = PBXFileReference; lastKnownFileType = sourcecode.swift; path = TripsViewModel.swift; sourceTree = "<group>"; };
		767A423A2DE1017E008970ED /* TripsViewController.swift */ = {isa = PBXFileReference; lastKnownFileType = sourcecode.swift; path = TripsViewController.swift; sourceTree = "<group>"; };
		767A423D2DE11511008970ED /* User.swift */ = {isa = PBXFileReference; lastKnownFileType = sourcecode.swift; path = User.swift; sourceTree = "<group>"; };
		767A423F2DE11525008970ED /* Trip.swift */ = {isa = PBXFileReference; lastKnownFileType = sourcecode.swift; path = Trip.swift; sourceTree = "<group>"; };
		767A42412DE12430008970ED /* MainTabBarController.swift */ = {isa = PBXFileReference; lastKnownFileType = sourcecode.swift; path = MainTabBarController.swift; sourceTree = "<group>"; };
		767D33382DE37D7F00F66264 /* Extentions.swift */ = {isa = PBXFileReference; lastKnownFileType = sourcecode.swift; path = Extentions.swift; sourceTree = "<group>"; };
		767D333B2DE3C38700F66264 /* TripView.swift */ = {isa = PBXFileReference; lastKnownFileType = sourcecode.swift; path = TripView.swift; sourceTree = "<group>"; };
		767D333D2DE3C39100F66264 /* TripViewModel.swift */ = {isa = PBXFileReference; lastKnownFileType = sourcecode.swift; path = TripViewModel.swift; sourceTree = "<group>"; };
		767D333F2DE3C3A300F66264 /* TripViewController.swift */ = {isa = PBXFileReference; lastKnownFileType = sourcecode.swift; path = TripViewController.swift; sourceTree = "<group>"; };
		767D33412DE3C4AF00F66264 /* Expense.swift */ = {isa = PBXFileReference; lastKnownFileType = sourcecode.swift; path = Expense.swift; sourceTree = "<group>"; };
		769953582DF7CB5A00EC069B /* NotificationManager.swift */ = {isa = PBXFileReference; fileEncoding = 4; lastKnownFileType = sourcecode.swift; path = NotificationManager.swift; sourceTree = "<group>"; };
		76AE6E622DE65E1F0061BDA3 /* ExpenseDetailView.swift */ = {isa = PBXFileReference; lastKnownFileType = sourcecode.swift; path = ExpenseDetailView.swift; sourceTree = "<group>"; };
		76AE6E642DE65E4C0061BDA3 /* ExpenseDetailViewModel.swift */ = {isa = PBXFileReference; lastKnownFileType = sourcecode.swift; path = ExpenseDetailViewModel.swift; sourceTree = "<group>"; };
		76AE6E662DE65E660061BDA3 /* ExpenseDetailViewController.swift */ = {isa = PBXFileReference; lastKnownFileType = sourcecode.swift; path = ExpenseDetailViewController.swift; sourceTree = "<group>"; };
		76B8F7432DF72B2E00753078 /* TokenStackView.swift */ = {isa = PBXFileReference; fileEncoding = 4; lastKnownFileType = sourcecode.swift; path = TokenStackView.swift; sourceTree = "<group>"; };
		76B8F7452DF72E9500753078 /* TokenWrappingView.swift */ = {isa = PBXFileReference; fileEncoding = 4; lastKnownFileType = sourcecode.swift; path = TokenWrappingView.swift; sourceTree = "<group>"; };
		76B8F7472DF77A3D00753078 /* SettingsCell.swift */ = {isa = PBXFileReference; fileEncoding = 4; lastKnownFileType = sourcecode.swift; path = SettingsCell.swift; sourceTree = "<group>"; };
		76B8F74B2DF7818A00753078 /* en */ = {isa = PBXFileReference; lastKnownFileType = text.plist.strings; name = en; path = en.lproj/Localizable.strings; sourceTree = "<group>"; };
		76B8F74C2DF7818A00753078 /* ru */ = {isa = PBXFileReference; lastKnownFileType = text.plist.strings; name = ru; path = ru.lproj/Localizable.strings; sourceTree = "<group>"; };
		76B8F75D2DF7869D00753078 /* LanguagesView.swift */ = {isa = PBXFileReference; fileEncoding = 4; lastKnownFileType = sourcecode.swift; path = LanguagesView.swift; sourceTree = "<group>"; };
		76B8F75E2DF7869D00753078 /* LanguagesViewModel.swift */ = {isa = PBXFileReference; fileEncoding = 4; lastKnownFileType = sourcecode.swift; path = LanguagesViewModel.swift; sourceTree = "<group>"; };
		76B8F75F2DF7869D00753078 /* LanguagesViewController.swift */ = {isa = PBXFileReference; fileEncoding = 4; lastKnownFileType = sourcecode.swift; path = LanguagesViewController.swift; sourceTree = "<group>"; };
		76B8F7632DF786D300753078 /* LocalizationManager.swift */ = {isa = PBXFileReference; fileEncoding = 4; lastKnownFileType = sourcecode.swift; path = LocalizationManager.swift; sourceTree = "<group>"; };
		76B8F7662DF7912D00753078 /* EditProfileView.swift */ = {isa = PBXFileReference; fileEncoding = 4; lastKnownFileType = sourcecode.swift; path = EditProfileView.swift; sourceTree = "<group>"; };
		76B8F7672DF7912D00753078 /* EditProfileViewController.swift */ = {isa = PBXFileReference; fileEncoding = 4; lastKnownFileType = sourcecode.swift; path = EditProfileViewController.swift; sourceTree = "<group>"; };
		76B8F7682DF7912D00753078 /* EditProfileViewModel.swift */ = {isa = PBXFileReference; fileEncoding = 4; lastKnownFileType = sourcecode.swift; path = EditProfileViewModel.swift; sourceTree = "<group>"; };
		76B8F76C2DF7942200753078 /* DebtCell.swift */ = {isa = PBXFileReference; fileEncoding = 4; lastKnownFileType = sourcecode.swift; path = DebtCell.swift; sourceTree = "<group>"; };
		76B8F76E2DF7C53D00753078 /* InvitationCell.swift */ = {isa = PBXFileReference; fileEncoding = 4; lastKnownFileType = sourcecode.swift; path = InvitationCell.swift; sourceTree = "<group>"; };
		76BD79872DD0AF8300FB7A75 /* ButtonActionHandler.swift */ = {isa = PBXFileReference; lastKnownFileType = sourcecode.swift; path = ButtonActionHandler.swift; sourceTree = "<group>"; };
		76BD798A2DD0AFF500FB7A75 /* ButtonModel.swift */ = {isa = PBXFileReference; lastKnownFileType = sourcecode.swift; path = ButtonModel.swift; sourceTree = "<group>"; };
		76BD798C2DD0B05800FB7A75 /* ButtonFactory.swift */ = {isa = PBXFileReference; lastKnownFileType = sourcecode.swift; path = ButtonFactory.swift; sourceTree = "<group>"; };
		76BD798E2DD0B07400FB7A75 /* CustomButton.swift */ = {isa = PBXFileReference; lastKnownFileType = sourcecode.swift; path = CustomButton.swift; sourceTree = "<group>"; };
		76D60E6B2DDF6F6B001C542A /* AuthViewModel.swift */ = {isa = PBXFileReference; lastKnownFileType = sourcecode.swift; path = AuthViewModel.swift; sourceTree = "<group>"; };
		76D60E6D2DDF6F8A001C542A /* AuthViewController.swift */ = {isa = PBXFileReference; lastKnownFileType = sourcecode.swift; path = AuthViewController.swift; sourceTree = "<group>"; };
/* End PBXFileReference section */

/* Begin PBXFrameworksBuildPhase section */
		764CD72B2DC3EDF600900B78 /* Frameworks */ = {
			isa = PBXFrameworksBuildPhase;
			buildActionMask = 2147483647;
			files = (
				764CD74A2DC3F7B800900B78 /* SnapKit in Frameworks */,
			);
			runOnlyForDeploymentPostprocessing = 0;
		};
/* End PBXFrameworksBuildPhase section */

/* Begin PBXGroup section */
		760C74AA2DF63ED7006FE801 /* PDFs */ = {
			isa = PBXGroup;
			children = (
				760C74AD2DF63ED8006FE801 /* Стартовый экран.pdf */,
				760C74B22DF63ED8006FE801 /* Основной экран.pdf */,
				760C74B42DF63ED8006FE801 /* Создание поездки.pdf */,
				760C74B52DF63ED8006FE801 /* Поездка.pdf */,
				760C74AC2DF63ED7006FE801 /* Детали расхода.pdf */,
				760C74B12DF63ED8006FE801 /* Детали поездки.pdf */,
				760C74B02DF63ED8006FE801 /* Экран долгов текущей поездки.pdf */,
				760C74AB2DF63ED7006FE801 /* Экран долгов завершенной поездки.pdf */,
				760C74B72DF63ED8006FE801 /* Детали погашения долга.pdf */,
				760C74AF2DF63ED8006FE801 /* Добавление расхода.pdf */,
				760C74B62DF63ED8006FE801 /* Уведомления.pdf */,
				760C74B32DF63ED8006FE801 /* Настройки.pdf */,
				760C74B82DF63ED8006FE801 /* Аутенфикация.pdf */,
				760C74AE2DF63ED8006FE801 /* Регистрация.pdf */,
			);
			path = PDFs;
			sourceTree = "<group>";
		};
		760C74C72DF64280006FE801 /* CreateTrip */ = {
			isa = PBXGroup;
			children = (
				760C74C82DF64280006FE801 /* CreateTripView.swift */,
				760C74C92DF64280006FE801 /* CreateTripViewController.swift */,
				760C74CA2DF64280006FE801 /* CreateTripViewModel.swift */,
			);
			path = CreateTrip;
			sourceTree = "<group>";
		};
		760C74CB2DF64280006FE801 /* TripDetail */ = {
			isa = PBXGroup;
			children = (
				760C74CC2DF64280006FE801 /* TripDetailViewController.swift */,
				760C74CD2DF64280006FE801 /* TripDetailView.swift */,
				760C74CE2DF64280006FE801 /* TripDetailViewModel.swift */,
			);
			path = TripDetail;
			sourceTree = "<group>";
		};
		760C74CF2DF64280006FE801 /* Debts */ = {
			isa = PBXGroup;
			children = (
				76B8F76C2DF7942200753078 /* DebtCell.swift */,
				760C74D02DF64280006FE801 /* DebtsViewModel.swift */,
				760C74D12DF64280006FE801 /* DebtsView.swift */,
				760C74D22DF64280006FE801 /* DebtsViewController.swift */,
			);
			path = Debts;
			sourceTree = "<group>";
		};
		760C74D32DF64280006FE801 /* Notifications */ = {
			isa = PBXGroup;
			children = (
				76B8F76E2DF7C53D00753078 /* InvitationCell.swift */,
				760C74D42DF64280006FE801 /* NotificationsView.swift */,
				760C74D52DF64280006FE801 /* NotificationsViewModel.swift */,
				760C74D62DF64280006FE801 /* NotificationsViewController.swift */,
			);
			path = Notifications;
			sourceTree = "<group>";
		};
		760C74D72DF64280006FE801 /* Settings */ = {
			isa = PBXGroup;
			children = (
				76B8F75D2DF7869D00753078 /* LanguagesView.swift */,
				76B8F75F2DF7869D00753078 /* LanguagesViewController.swift */,
				76B8F75E2DF7869D00753078 /* LanguagesViewModel.swift */,
				76B8F7472DF77A3D00753078 /* SettingsCell.swift */,
				760C74D82DF64280006FE801 /* SettingsView.swift */,
				760C74D92DF64280006FE801 /* SettingsViewModel.swift */,
				760C74DA2DF64280006FE801 /* SettingsViewController.swift */,
			);
			path = Settings;
			sourceTree = "<group>";
		};
		760C74DB2DF64280006FE801 /* DebtDetail */ = {
			isa = PBXGroup;
			children = (
				760C74DC2DF64280006FE801 /* DebtDetailViewController.swift */,
				760C74DD2DF64280006FE801 /* DebtDetailView.swift */,
				760C74DE2DF64280006FE801 /* DebtDetailViewModel.swift */,
			);
			path = DebtDetail;
			sourceTree = "<group>";
		};
		760C74F12DF643C3006FE801 /* Start */ = {
			isa = PBXGroup;
			children = (
				760C74F22DF643C3006FE801 /* StartView.swift */,
				760C74F32DF643C3006FE801 /* StartViewModel.swift */,
				760C74F42DF643C3006FE801 /* StartViewController.swift */,
			);
			path = Start;
			sourceTree = "<group>";
		};
		760C74FA2DF65042006FE801 /* ParticipantToken */ = {
			isa = PBXGroup;
			children = (
				76B8F7452DF72E9500753078 /* TokenWrappingView.swift */,
				76B8F7432DF72B2E00753078 /* TokenStackView.swift */,
				760C74FB2DF65042006FE801 /* ParticipantTokenView.swift */,
			);
			path = ParticipantToken;
			sourceTree = "<group>";
		};
		762A60952DE468C400F31E34 /* CustomCells */ = {
			isa = PBXGroup;
			children = (
				762A60962DE468E700F31E34 /* CustomTableCell.swift */,
				762A60982DE4690E00F31E34 /* FilterCell.swift */,
			);
			path = CustomCells;
			sourceTree = "<group>";
		};
		762A609A2DE4AB3100F31E34 /* AddExpense */ = {
			isa = PBXGroup;
			children = (
				762A609B2DE4AB4900F31E34 /* AddExpenseView.swift */,
				762A609D2DE4AB5400F31E34 /* AddExpenseViewModel.swift */,
				762A609F2DE4AB6600F31E34 /* AddExpenseViewController.swift */,
			);
			path = AddExpense;
			sourceTree = "<group>";
		};
		764CD7252DC3EDF600900B78 = {
			isa = PBXGroup;
			children = (
				760C74AA2DF63ED7006FE801 /* PDFs */,
				764CD74B2DC3FD0600900B78 /* .swiftlint.yml */,
				764CD7302DC3EDF600900B78 /* T-Trips */,
				764CD72F2DC3EDF600900B78 /* Products */,
			);
			sourceTree = "<group>";
		};
		764CD72F2DC3EDF600900B78 /* Products */ = {
			isa = PBXGroup;
			children = (
				764CD72E2DC3EDF600900B78 /* T-Trips.app */,
			);
			name = Products;
			sourceTree = "<group>";
		};
		764CD7302DC3EDF600900B78 /* T-Trips */ = {
			isa = PBXGroup;
			children = (
				76B8F7492DF7818A00753078 /* Localization */,
				764CD7312DC3EDF600900B78 /* AppDelegate.swift */,
				764CD7332DC3EDF600900B78 /* SceneDelegate.swift */,
				766E62EE2DD1E5F400E70F12 /* MVVM */,
				766E62F22DD1E66A00E70F12 /* CustomViews */,
				767A423C2DE114DB008970ED /* Models */,
				767D33372DE37D6900F66264 /* Utils */,
				764CD73D2DC3EDFC00900B78 /* Assets.xcassets */,
				764CD7422DC3EDFC00900B78 /* Info.plist */,
				764CD73A2DC3EDF600900B78 /* T_Trips.xcdatamodeld */,
			);
			path = "T-Trips";
			sourceTree = "<group>";
		};
		766E62EE2DD1E5F400E70F12 /* MVVM */ = {
			isa = PBXGroup;
			children = (
				760C74F12DF643C3006FE801 /* Start */,
				767A42352DE1010B008970ED /* Main */,
				766E62EF2DD1E5FE00E70F12 /* Auth */,
				767A42182DDF816D008970ED /* Register */,
			);
			path = MVVM;
			sourceTree = "<group>";
		};
		766E62EF2DD1E5FE00E70F12 /* Auth */ = {
			isa = PBXGroup;
			children = (
				764CD7352DC3EDF600900B78 /* AuthView.swift */,
				76D60E6B2DDF6F6B001C542A /* AuthViewModel.swift */,
				76D60E6D2DDF6F8A001C542A /* AuthViewController.swift */,
			);
			path = Auth;
			sourceTree = "<group>";
		};
		766E62F22DD1E66A00E70F12 /* CustomViews */ = {
			isa = PBXGroup;
			children = (
				760C74FA2DF65042006FE801 /* ParticipantToken */,
				76BD79892DD0AFCE00FB7A75 /* CustomButton */,
				766E62F32DD22D8500E70F12 /* CustomTextField */,
			);
			path = CustomViews;
			sourceTree = "<group>";
		};
		766E62F32DD22D8500E70F12 /* CustomTextField */ = {
			isa = PBXGroup;
			children = (
				766E62F42DD22DA100E70F12 /* TextFieldModel.swift */,
				766E62F62DD22DCB00E70F12 /* CustomTextField.swift */,
				766E62F82DD22DE900E70F12 /* TextFieldFactory.swift */,
				766E62FA2DD2317A00E70F12 /* CustomTextFieldDelegate.swift */,
			);
			path = CustomTextField;
			sourceTree = "<group>";
		};
		767A42182DDF816D008970ED /* Register */ = {
			isa = PBXGroup;
			children = (
				767A42162DDF7FA6008970ED /* RegisterView.swift */,
				767A42192DDF8183008970ED /* RegisterViewModel.swift */,
				767A421B2DDF826C008970ED /* RegisterViewController.swift */,
			);
			path = Register;
			sourceTree = "<group>";
		};
		767A42352DE1010B008970ED /* Main */ = {
			isa = PBXGroup;
			children = (
				767A42412DE12430008970ED /* MainTabBarController.swift */,
				767A42442DE12492008970ED /* Trips */,
				760C74C72DF64280006FE801 /* CreateTrip */,
				767D333A2DE3C12C00F66264 /* Trip */,
				76AE6E612DE65DFD0061BDA3 /* ExpenseDetail */,
				760C74CB2DF64280006FE801 /* TripDetail */,
				760C74CF2DF64280006FE801 /* Debts */,
				760C74DB2DF64280006FE801 /* DebtDetail */,
				762A609A2DE4AB3100F31E34 /* AddExpense */,
				760C74D32DF64280006FE801 /* Notifications */,
				760C74D72DF64280006FE801 /* Settings */,
				76B8F7652DF7912D00753078 /* EditProfile */,
				762A60952DE468C400F31E34 /* CustomCells */,
			);
			path = Main;
			sourceTree = "<group>";
		};
		767A423C2DE114DB008970ED /* Models */ = {
			isa = PBXGroup;
			children = (
				767A423D2DE11511008970ED /* User.swift */,
				767A423F2DE11525008970ED /* Trip.swift */,
				767D33412DE3C4AF00F66264 /* Expense.swift */,
				767317792DE4D4AB00017BCB /* Debt.swift */,
				7673177B2DE4D4C800017BCB /* Notification.swift */,
				7673177F2DE4DA0800017BCB /* TripParticipant.swift */,
			);
			path = Models;
			sourceTree = "<group>";
		};
		767A42442DE12492008970ED /* Trips */ = {
			isa = PBXGroup;
			children = (
				767A42362DE1014E008970ED /* TripsView.swift */,
				767A42382DE10166008970ED /* TripsViewModel.swift */,
				767A423A2DE1017E008970ED /* TripsViewController.swift */,
			);
			path = Trips;
			sourceTree = "<group>";
		};
		767D33372DE37D6900F66264 /* Utils */ = {
			isa = PBXGroup;
			children = (
				769953582DF7CB5A00EC069B /* NotificationManager.swift */,
				76B8F7632DF786D300753078 /* LocalizationManager.swift */,
				760C74F82DF647A1006FE801 /* MockAPIService.swift */,
				767D33382DE37D7F00F66264 /* Extentions.swift */,
				7673177D2DE4D79800017BCB /* Mocks.swift */,
				3A06DB9FEBA540F9AF340769 /* Localization.swift */,
			);
			path = Utils;
			sourceTree = "<group>";
		};
		767D333A2DE3C12C00F66264 /* Trip */ = {
			isa = PBXGroup;
			children = (
				767D333B2DE3C38700F66264 /* TripView.swift */,
				767D333D2DE3C39100F66264 /* TripViewModel.swift */,
				767D333F2DE3C3A300F66264 /* TripViewController.swift */,
			);
			path = Trip;
			sourceTree = "<group>";
		};
		76AE6E612DE65DFD0061BDA3 /* ExpenseDetail */ = {
			isa = PBXGroup;
			children = (
				76AE6E622DE65E1F0061BDA3 /* ExpenseDetailView.swift */,
				76AE6E642DE65E4C0061BDA3 /* ExpenseDetailViewModel.swift */,
				76AE6E662DE65E660061BDA3 /* ExpenseDetailViewController.swift */,
			);
			path = ExpenseDetail;
			sourceTree = "<group>";
		};
		76B8F7492DF7818A00753078 /* Localization */ = {
			isa = PBXGroup;
			children = (
				76B8F74A2DF7818A00753078 /* Localizable.strings */,
			);
			path = Localization;
			sourceTree = "<group>";
		};
		76B8F7652DF7912D00753078 /* EditProfile */ = {
			isa = PBXGroup;
			children = (
				76B8F7662DF7912D00753078 /* EditProfileView.swift */,
				76B8F7672DF7912D00753078 /* EditProfileViewController.swift */,
				76B8F7682DF7912D00753078 /* EditProfileViewModel.swift */,
			);
			path = EditProfile;
			sourceTree = "<group>";
		};
		76BD79892DD0AFCE00FB7A75 /* CustomButton */ = {
			isa = PBXGroup;
			children = (
				76BD79872DD0AF8300FB7A75 /* ButtonActionHandler.swift */,
				76BD798A2DD0AFF500FB7A75 /* ButtonModel.swift */,
				76BD798C2DD0B05800FB7A75 /* ButtonFactory.swift */,
				76BD798E2DD0B07400FB7A75 /* CustomButton.swift */,
			);
			path = CustomButton;
			sourceTree = "<group>";
		};
/* End PBXGroup section */

/* Begin PBXNativeTarget section */
		764CD72D2DC3EDF600900B78 /* T-Trips */ = {
			isa = PBXNativeTarget;
			buildConfigurationList = 764CD7452DC3EDFC00900B78 /* Build configuration list for PBXNativeTarget "T-Trips" */;
			buildPhases = (
				76B8D4322DC3FEB500C36484 /* ShellScript */,
				764CD72A2DC3EDF600900B78 /* Sources */,
				764CD72B2DC3EDF600900B78 /* Frameworks */,
				764CD72C2DC3EDF600900B78 /* Resources */,
			);
			buildRules = (
			);
			dependencies = (
			);
			name = "T-Trips";
			packageProductDependencies = (
				764CD7492DC3F7B800900B78 /* SnapKit */,
			);
			productName = "T-Trips";
			productReference = 764CD72E2DC3EDF600900B78 /* T-Trips.app */;
			productType = "com.apple.product-type.application";
		};
/* End PBXNativeTarget section */

/* Begin PBXProject section */
		764CD7262DC3EDF600900B78 /* Project object */ = {
			isa = PBXProject;
			attributes = {
				BuildIndependentTargetsInParallel = 1;
				LastSwiftUpdateCheck = 1400;
				LastUpgradeCheck = 1400;
				TargetAttributes = {
					764CD72D2DC3EDF600900B78 = {
						CreatedOnToolsVersion = 14.0.1;
					};
				};
			};
			buildConfigurationList = 764CD7292DC3EDF600900B78 /* Build configuration list for PBXProject "T-Trips" */;
			compatibilityVersion = "Xcode 14.0";
			developmentRegion = en;
			hasScannedForEncodings = 0;
			knownRegions = (
				en,
				Base,
				ru,
			);
			mainGroup = 764CD7252DC3EDF600900B78;
			packageReferences = (
				764CD7482DC3F7B800900B78 /* XCRemoteSwiftPackageReference "SnapKit" */,
			);
			productRefGroup = 764CD72F2DC3EDF600900B78 /* Products */;
			projectDirPath = "";
			projectRoot = "";
			targets = (
				764CD72D2DC3EDF600900B78 /* T-Trips */,
			);
		};
/* End PBXProject section */

/* Begin PBXResourcesBuildPhase section */
		764CD72C2DC3EDF600900B78 /* Resources */ = {
			isa = PBXResourcesBuildPhase;
			buildActionMask = 2147483647;
			files = (
				760C74BA2DF63ED8006FE801 /* Детали расхода.pdf in Resources */,
				760C74C12DF63ED8006FE801 /* Настройки.pdf in Resources */,
				760C74C62DF63ED8006FE801 /* Аутенфикация.pdf in Resources */,
				760C74C52DF63ED8006FE801 /* Детали погашения долга.pdf in Resources */,
				760C74BC2DF63ED8006FE801 /* Регистрация.pdf in Resources */,
				760C74C22DF63ED8006FE801 /* Создание поездки.pdf in Resources */,
				764CD74C2DC3FD0600900B78 /* .swiftlint.yml in Resources */,
				760C74B92DF63ED8006FE801 /* Экран долгов завершенной поездки.pdf in Resources */,
				760C74C02DF63ED8006FE801 /* Основной экран.pdf in Resources */,
				760C74BF2DF63ED8006FE801 /* Детали поездки.pdf in Resources */,
				760C74BE2DF63ED8006FE801 /* Экран долгов текущей поездки.pdf in Resources */,
				764CD73E2DC3EDFC00900B78 /* Assets.xcassets in Resources */,
				760C74C32DF63ED8006FE801 /* Поездка.pdf in Resources */,
				760C74BB2DF63ED8006FE801 /* Стартовый экран.pdf in Resources */,
				760C74BD2DF63ED8006FE801 /* Добавление расхода.pdf in Resources */,
				760C74C42DF63ED8006FE801 /* Уведомления.pdf in Resources */,
				76B8F74D2DF7818A00753078 /* Localizable.strings in Resources */,
			);
			runOnlyForDeploymentPostprocessing = 0;
		};
/* End PBXResourcesBuildPhase section */

/* Begin PBXShellScriptBuildPhase section */
		76B8D4322DC3FEB500C36484 /* ShellScript */ = {
			isa = PBXShellScriptBuildPhase;
			alwaysOutOfDate = 1;
			buildActionMask = 2147483647;
			files = (
			);
			inputFileListPaths = (
			);
			inputPaths = (
			);
			outputFileListPaths = (
			);
			outputPaths = (
			);
			runOnlyForDeploymentPostprocessing = 0;
			shellPath = /bin/sh;
			shellScript = "if which swiftlint >/dev/null; then\n  swiftlint\nelse\n  echo \"Ошибка: SwiftLint не установлен\"\nfi\n";
		};
/* End PBXShellScriptBuildPhase section */

/* Begin PBXSourcesBuildPhase section */
		764CD72A2DC3EDF600900B78 /* Sources */ = {
			isa = PBXSourcesBuildPhase;
			buildActionMask = 2147483647;
			files = (
				76B8F7602DF7869E00753078 /* LanguagesView.swift in Sources */,
				76B8F7462DF72E9500753078 /* TokenWrappingView.swift in Sources */,
				767A42402DE11525008970ED /* Trip.swift in Sources */,
				76B8F7442DF72B2E00753078 /* TokenStackView.swift in Sources */,
				769953592DF7CB5A00EC069B /* NotificationManager.swift in Sources */,
				762A609E2DE4AB5400F31E34 /* AddExpenseViewModel.swift in Sources */,
				76AE6E672DE65E660061BDA3 /* ExpenseDetailViewController.swift in Sources */,
				760C74EA2DF64280006FE801 /* NotificationsViewController.swift in Sources */,
				764CD7362DC3EDF600900B78 /* AuthView.swift in Sources */,
				767D33402DE3C3A300F66264 /* TripViewController.swift in Sources */,
				767A42372DE1014E008970ED /* TripsView.swift in Sources */,
				76BD798D2DD0B05800FB7A75 /* ButtonFactory.swift in Sources */,
				760C74E62DF64280006FE801 /* DebtsView.swift in Sources */,
				76AE6E632DE65E1F0061BDA3 /* ExpenseDetailView.swift in Sources */,
				76AE6E652DE65E4C0061BDA3 /* ExpenseDetailViewModel.swift in Sources */,
				76B8F7642DF786D300753078 /* LocalizationManager.swift in Sources */,
				7673177A2DE4D4AB00017BCB /* Debt.swift in Sources */,
				760C74F02DF64280006FE801 /* DebtDetailViewModel.swift in Sources */,
				76BD79882DD0AF8300FB7A75 /* ButtonActionHandler.swift in Sources */,
				76B8F7692DF7912D00753078 /* EditProfileView.swift in Sources */,
				760C74ED2DF64280006FE801 /* SettingsViewController.swift in Sources */,
				767A423B2DE1017E008970ED /* TripsViewController.swift in Sources */,
				767A42422DE12430008970ED /* MainTabBarController.swift in Sources */,
				76B8F76B2DF7912D00753078 /* EditProfileViewModel.swift in Sources */,
				760C74E92DF64280006FE801 /* NotificationsViewModel.swift in Sources */,
				767D33392DE37D7F00F66264 /* Extentions.swift in Sources */,
				762A60A02DE4AB6600F31E34 /* AddExpenseViewController.swift in Sources */,
				760C74F92DF647A2006FE801 /* MockAPIService.swift in Sources */,
				FF195912128E4480BB7D2F25 /* Localization.swift in Sources */,
				767A421A2DDF8183008970ED /* RegisterViewModel.swift in Sources */,
				766E62F52DD22DA200E70F12 /* TextFieldModel.swift in Sources */,
				760C74E12DF64280006FE801 /* CreateTripViewModel.swift in Sources */,
				760C74DF2DF64280006FE801 /* CreateTripView.swift in Sources */,
				766E62F72DD22DCB00E70F12 /* CustomTextField.swift in Sources */,
				760C74F62DF643C3006FE801 /* StartViewModel.swift in Sources */,
				76B8F7612DF7869E00753078 /* LanguagesViewModel.swift in Sources */,
				760C74E32DF64280006FE801 /* TripDetailView.swift in Sources */,
				764CD73C2DC3EDF600900B78 /* T_Trips.xcdatamodeld in Sources */,
				76B8F76A2DF7912D00753078 /* EditProfileViewController.swift in Sources */,
				760C74F72DF643C3006FE801 /* StartViewController.swift in Sources */,
				76B8F7482DF77A3D00753078 /* SettingsCell.swift in Sources */,
				760C74E52DF64280006FE801 /* DebtsViewModel.swift in Sources */,
				767A42172DDF7FA6008970ED /* RegisterView.swift in Sources */,
				76B8F76D2DF7942200753078 /* DebtCell.swift in Sources */,
				766E62F92DD22DE900E70F12 /* TextFieldFactory.swift in Sources */,
				760C74FC2DF65043006FE801 /* ParticipantTokenView.swift in Sources */,
				762A609C2DE4AB4900F31E34 /* AddExpenseView.swift in Sources */,
				766E62FB2DD2317A00E70F12 /* CustomTextFieldDelegate.swift in Sources */,
				767317802DE4DA0800017BCB /* TripParticipant.swift in Sources */,
				760C74E22DF64280006FE801 /* TripDetailViewController.swift in Sources */,
				76BD798F2DD0B07500FB7A75 /* CustomButton.swift in Sources */,
				764CD7322DC3EDF600900B78 /* AppDelegate.swift in Sources */,
				762A60972DE468E700F31E34 /* CustomTableCell.swift in Sources */,
				7673177E2DE4D79800017BCB /* Mocks.swift in Sources */,
				760C74E02DF64280006FE801 /* CreateTripViewController.swift in Sources */,
				762A60992DE4690E00F31E34 /* FilterCell.swift in Sources */,
				760C74E42DF64280006FE801 /* TripDetailViewModel.swift in Sources */,
				760C74E72DF64280006FE801 /* DebtsViewController.swift in Sources */,
				767D333C2DE3C38700F66264 /* TripView.swift in Sources */,
				760C74EE2DF64280006FE801 /* DebtDetailViewController.swift in Sources */,
				760C74EF2DF64280006FE801 /* DebtDetailView.swift in Sources */,
				767A42392DE10166008970ED /* TripsViewModel.swift in Sources */,
				767D333E2DE3C39100F66264 /* TripViewModel.swift in Sources */,
				760C74E82DF64280006FE801 /* NotificationsView.swift in Sources */,
				76B8F7622DF7869E00753078 /* LanguagesViewController.swift in Sources */,
				76B8F76F2DF7C53E00753078 /* InvitationCell.swift in Sources */,
				767A421C2DDF826C008970ED /* RegisterViewController.swift in Sources */,
				767D33422DE3C4AF00F66264 /* Expense.swift in Sources */,
				76D60E6E2DDF6F8A001C542A /* AuthViewController.swift in Sources */,
				760C74F52DF643C3006FE801 /* StartView.swift in Sources */,
				764CD7342DC3EDF600900B78 /* SceneDelegate.swift in Sources */,
				760C74EB2DF64280006FE801 /* SettingsView.swift in Sources */,
				7673177C2DE4D4C800017BCB /* Notification.swift in Sources */,
				76D60E6C2DDF6F6B001C542A /* AuthViewModel.swift in Sources */,
				76BD798B2DD0AFF500FB7A75 /* ButtonModel.swift in Sources */,
				767A423E2DE11511008970ED /* User.swift in Sources */,
				760C74EC2DF64280006FE801 /* SettingsViewModel.swift in Sources */,
			);
			runOnlyForDeploymentPostprocessing = 0;
		};
/* End PBXSourcesBuildPhase section */

/* Begin PBXVariantGroup section */
		76B8F74A2DF7818A00753078 /* Localizable.strings */ = {
			isa = PBXVariantGroup;
			children = (
				76B8F74B2DF7818A00753078 /* en */,
				76B8F74C2DF7818A00753078 /* ru */,
			);
			name = Localizable.strings;
			sourceTree = "<group>";
		};
/* End PBXVariantGroup section */

/* Begin XCBuildConfiguration section */
		764CD7432DC3EDFC00900B78 /* Debug */ = {
			isa = XCBuildConfiguration;
			buildSettings = {
				ALWAYS_SEARCH_USER_PATHS = NO;
				CLANG_ANALYZER_NONNULL = YES;
				CLANG_ANALYZER_NUMBER_OBJECT_CONVERSION = YES_AGGRESSIVE;
				CLANG_CXX_LANGUAGE_STANDARD = "gnu++20";
				CLANG_ENABLE_MODULES = YES;
				CLANG_ENABLE_OBJC_ARC = YES;
				CLANG_ENABLE_OBJC_WEAK = YES;
				CLANG_WARN_BLOCK_CAPTURE_AUTORELEASING = YES;
				CLANG_WARN_BOOL_CONVERSION = YES;
				CLANG_WARN_COMMA = YES;
				CLANG_WARN_CONSTANT_CONVERSION = YES;
				CLANG_WARN_DEPRECATED_OBJC_IMPLEMENTATIONS = YES;
				CLANG_WARN_DIRECT_OBJC_ISA_USAGE = YES_ERROR;
				CLANG_WARN_DOCUMENTATION_COMMENTS = YES;
				CLANG_WARN_EMPTY_BODY = YES;
				CLANG_WARN_ENUM_CONVERSION = YES;
				CLANG_WARN_INFINITE_RECURSION = YES;
				CLANG_WARN_INT_CONVERSION = YES;
				CLANG_WARN_NON_LITERAL_NULL_CONVERSION = YES;
				CLANG_WARN_OBJC_IMPLICIT_RETAIN_SELF = YES;
				CLANG_WARN_OBJC_LITERAL_CONVERSION = YES;
				CLANG_WARN_OBJC_ROOT_CLASS = YES_ERROR;
				CLANG_WARN_QUOTED_INCLUDE_IN_FRAMEWORK_HEADER = YES;
				CLANG_WARN_RANGE_LOOP_ANALYSIS = YES;
				CLANG_WARN_STRICT_PROTOTYPES = YES;
				CLANG_WARN_SUSPICIOUS_MOVE = YES;
				CLANG_WARN_UNGUARDED_AVAILABILITY = YES_AGGRESSIVE;
				CLANG_WARN_UNREACHABLE_CODE = YES;
				CLANG_WARN__DUPLICATE_METHOD_MATCH = YES;
				COPY_PHASE_STRIP = NO;
				DEBUG_INFORMATION_FORMAT = dwarf;
				ENABLE_STRICT_OBJC_MSGSEND = YES;
				ENABLE_TESTABILITY = YES;
				GCC_C_LANGUAGE_STANDARD = gnu11;
				GCC_DYNAMIC_NO_PIC = NO;
				GCC_NO_COMMON_BLOCKS = YES;
				GCC_OPTIMIZATION_LEVEL = 0;
				GCC_PREPROCESSOR_DEFINITIONS = (
					"DEBUG=1",
					"$(inherited)",
				);
				GCC_WARN_64_TO_32_BIT_CONVERSION = YES;
				GCC_WARN_ABOUT_RETURN_TYPE = YES_ERROR;
				GCC_WARN_UNDECLARED_SELECTOR = YES;
				GCC_WARN_UNINITIALIZED_AUTOS = YES_AGGRESSIVE;
				GCC_WARN_UNUSED_FUNCTION = YES;
				GCC_WARN_UNUSED_VARIABLE = YES;
				IPHONEOS_DEPLOYMENT_TARGET = 16.0;
				MTL_ENABLE_DEBUG_INFO = INCLUDE_SOURCE;
				MTL_FAST_MATH = YES;
				ONLY_ACTIVE_ARCH = YES;
				SDKROOT = iphoneos;
				SWIFT_ACTIVE_COMPILATION_CONDITIONS = DEBUG;
				SWIFT_OPTIMIZATION_LEVEL = "-Onone";
			};
			name = Debug;
		};
		764CD7442DC3EDFC00900B78 /* Release */ = {
			isa = XCBuildConfiguration;
			buildSettings = {
				ALWAYS_SEARCH_USER_PATHS = NO;
				CLANG_ANALYZER_NONNULL = YES;
				CLANG_ANALYZER_NUMBER_OBJECT_CONVERSION = YES_AGGRESSIVE;
				CLANG_CXX_LANGUAGE_STANDARD = "gnu++20";
				CLANG_ENABLE_MODULES = YES;
				CLANG_ENABLE_OBJC_ARC = YES;
				CLANG_ENABLE_OBJC_WEAK = YES;
				CLANG_WARN_BLOCK_CAPTURE_AUTORELEASING = YES;
				CLANG_WARN_BOOL_CONVERSION = YES;
				CLANG_WARN_COMMA = YES;
				CLANG_WARN_CONSTANT_CONVERSION = YES;
				CLANG_WARN_DEPRECATED_OBJC_IMPLEMENTATIONS = YES;
				CLANG_WARN_DIRECT_OBJC_ISA_USAGE = YES_ERROR;
				CLANG_WARN_DOCUMENTATION_COMMENTS = YES;
				CLANG_WARN_EMPTY_BODY = YES;
				CLANG_WARN_ENUM_CONVERSION = YES;
				CLANG_WARN_INFINITE_RECURSION = YES;
				CLANG_WARN_INT_CONVERSION = YES;
				CLANG_WARN_NON_LITERAL_NULL_CONVERSION = YES;
				CLANG_WARN_OBJC_IMPLICIT_RETAIN_SELF = YES;
				CLANG_WARN_OBJC_LITERAL_CONVERSION = YES;
				CLANG_WARN_OBJC_ROOT_CLASS = YES_ERROR;
				CLANG_WARN_QUOTED_INCLUDE_IN_FRAMEWORK_HEADER = YES;
				CLANG_WARN_RANGE_LOOP_ANALYSIS = YES;
				CLANG_WARN_STRICT_PROTOTYPES = YES;
				CLANG_WARN_SUSPICIOUS_MOVE = YES;
				CLANG_WARN_UNGUARDED_AVAILABILITY = YES_AGGRESSIVE;
				CLANG_WARN_UNREACHABLE_CODE = YES;
				CLANG_WARN__DUPLICATE_METHOD_MATCH = YES;
				COPY_PHASE_STRIP = NO;
				DEBUG_INFORMATION_FORMAT = "dwarf-with-dsym";
				ENABLE_NS_ASSERTIONS = NO;
				ENABLE_STRICT_OBJC_MSGSEND = YES;
				GCC_C_LANGUAGE_STANDARD = gnu11;
				GCC_NO_COMMON_BLOCKS = YES;
				GCC_WARN_64_TO_32_BIT_CONVERSION = YES;
				GCC_WARN_ABOUT_RETURN_TYPE = YES_ERROR;
				GCC_WARN_UNDECLARED_SELECTOR = YES;
				GCC_WARN_UNINITIALIZED_AUTOS = YES_AGGRESSIVE;
				GCC_WARN_UNUSED_FUNCTION = YES;
				GCC_WARN_UNUSED_VARIABLE = YES;
				IPHONEOS_DEPLOYMENT_TARGET = 16.0;
				MTL_ENABLE_DEBUG_INFO = NO;
				MTL_FAST_MATH = YES;
				SDKROOT = iphoneos;
				SWIFT_COMPILATION_MODE = wholemodule;
				SWIFT_OPTIMIZATION_LEVEL = "-O";
				VALIDATE_PRODUCT = YES;
			};
			name = Release;
		};
		764CD7462DC3EDFC00900B78 /* Debug */ = {
			isa = XCBuildConfiguration;
			buildSettings = {
				ASSETCATALOG_COMPILER_APPICON_NAME = AppIcon;
				ASSETCATALOG_COMPILER_GLOBAL_ACCENT_COLOR_NAME = AccentColor;
				CODE_SIGN_STYLE = Automatic;
				CURRENT_PROJECT_VERSION = 1;
				DEVELOPMENT_TEAM = T5NQU96D85;
				GENERATE_INFOPLIST_FILE = YES;
				INFOPLIST_FILE = "T-Trips/Info.plist";
				INFOPLIST_KEY_UIApplicationSupportsIndirectInputEvents = YES;
				INFOPLIST_KEY_UILaunchStoryboardName = LaunchScreen;
				INFOPLIST_KEY_UISupportedInterfaceOrientations_iPad = "UIInterfaceOrientationPortrait UIInterfaceOrientationPortraitUpsideDown UIInterfaceOrientationLandscapeLeft UIInterfaceOrientationLandscapeRight";
				INFOPLIST_KEY_UISupportedInterfaceOrientations_iPhone = "UIInterfaceOrientationPortrait UIInterfaceOrientationLandscapeLeft UIInterfaceOrientationLandscapeRight";
				IPHONEOS_DEPLOYMENT_TARGET = 15.0;
				LD_RUNPATH_SEARCH_PATHS = (
					"$(inherited)",
					"@executable_path/Frameworks",
				);
				MARKETING_VERSION = 1.0;
				PRODUCT_BUNDLE_IDENTIFIER = "Timur-Salakhiev.T-Trips";
				PRODUCT_NAME = "$(TARGET_NAME)";
				SWIFT_EMIT_LOC_STRINGS = YES;
				SWIFT_VERSION = 5.0;
				TARGETED_DEVICE_FAMILY = "1,2";
			};
			name = Debug;
		};
		764CD7472DC3EDFC00900B78 /* Release */ = {
			isa = XCBuildConfiguration;
			buildSettings = {
				ASSETCATALOG_COMPILER_APPICON_NAME = AppIcon;
				ASSETCATALOG_COMPILER_GLOBAL_ACCENT_COLOR_NAME = AccentColor;
				CODE_SIGN_STYLE = Automatic;
				CURRENT_PROJECT_VERSION = 1;
				DEVELOPMENT_TEAM = T5NQU96D85;
				GENERATE_INFOPLIST_FILE = YES;
				INFOPLIST_FILE = "T-Trips/Info.plist";
				INFOPLIST_KEY_UIApplicationSupportsIndirectInputEvents = YES;
				INFOPLIST_KEY_UILaunchStoryboardName = LaunchScreen;
				INFOPLIST_KEY_UISupportedInterfaceOrientations_iPad = "UIInterfaceOrientationPortrait UIInterfaceOrientationPortraitUpsideDown UIInterfaceOrientationLandscapeLeft UIInterfaceOrientationLandscapeRight";
				INFOPLIST_KEY_UISupportedInterfaceOrientations_iPhone = "UIInterfaceOrientationPortrait UIInterfaceOrientationLandscapeLeft UIInterfaceOrientationLandscapeRight";
				IPHONEOS_DEPLOYMENT_TARGET = 15.0;
				LD_RUNPATH_SEARCH_PATHS = (
					"$(inherited)",
					"@executable_path/Frameworks",
				);
				MARKETING_VERSION = 1.0;
				PRODUCT_BUNDLE_IDENTIFIER = "Timur-Salakhiev.T-Trips";
				PRODUCT_NAME = "$(TARGET_NAME)";
				SWIFT_EMIT_LOC_STRINGS = YES;
				SWIFT_VERSION = 5.0;
				TARGETED_DEVICE_FAMILY = "1,2";
			};
			name = Release;
		};
/* End XCBuildConfiguration section */

/* Begin XCConfigurationList section */
		764CD7292DC3EDF600900B78 /* Build configuration list for PBXProject "T-Trips" */ = {
			isa = XCConfigurationList;
			buildConfigurations = (
				764CD7432DC3EDFC00900B78 /* Debug */,
				764CD7442DC3EDFC00900B78 /* Release */,
			);
			defaultConfigurationIsVisible = 0;
			defaultConfigurationName = Release;
		};
		764CD7452DC3EDFC00900B78 /* Build configuration list for PBXNativeTarget "T-Trips" */ = {
			isa = XCConfigurationList;
			buildConfigurations = (
				764CD7462DC3EDFC00900B78 /* Debug */,
				764CD7472DC3EDFC00900B78 /* Release */,
			);
			defaultConfigurationIsVisible = 0;
			defaultConfigurationName = Release;
		};
/* End XCConfigurationList section */

/* Begin XCRemoteSwiftPackageReference section */
		764CD7482DC3F7B800900B78 /* XCRemoteSwiftPackageReference "SnapKit" */ = {
			isa = XCRemoteSwiftPackageReference;
			repositoryURL = "https://github.com/SnapKit/SnapKit.git";
			requirement = {
				kind = upToNextMajorVersion;
				minimumVersion = 5.0.0;
			};
		};
/* End XCRemoteSwiftPackageReference section */

/* Begin XCSwiftPackageProductDependency section */
		764CD7492DC3F7B800900B78 /* SnapKit */ = {
			isa = XCSwiftPackageProductDependency;
			package = 764CD7482DC3F7B800900B78 /* XCRemoteSwiftPackageReference "SnapKit" */;
			productName = SnapKit;
		};
/* End XCSwiftPackageProductDependency section */

/* Begin XCVersionGroup section */
		764CD73A2DC3EDF600900B78 /* T_Trips.xcdatamodeld */ = {
			isa = XCVersionGroup;
			children = (
				764CD73B2DC3EDF600900B78 /* T_Trips.xcdatamodel */,
			);
			currentVersion = 764CD73B2DC3EDF600900B78 /* T_Trips.xcdatamodel */;
			path = T_Trips.xcdatamodeld;
			sourceTree = "<group>";
			versionGroupType = wrapper.xcdatamodel;
		};
/* End XCVersionGroup section */
	};
	rootObject = 764CD7262DC3EDF600900B78 /* Project object */;
}
