// !$*UTF8*$!
{
	archiveVersion = 1;
	classes = {
	};
	objectVersion = 56;
	objects = {

/* Begin PBXBuildFile section */
		764CD7322DC3EDF600900B78 /* AppDelegate.swift in Sources */ = {isa = PBXBuildFile; fileRef = 764CD7312DC3EDF600900B78 /* AppDelegate.swift */; };
		764CD7342DC3EDF600900B78 /* SceneDelegate.swift in Sources */ = {isa = PBXBuildFile; fileRef = 764CD7332DC3EDF600900B78 /* SceneDelegate.swift */; };
		764CD7362DC3EDF600900B78 /* ViewController.swift in Sources */ = {isa = PBXBuildFile; fileRef = 764CD7352DC3EDF600900B78 /* ViewController.swift */; };
		764CD7392DC3EDF600900B78 /* Main.storyboard in Resources */ = {isa = PBXBuildFile; fileRef = 764CD7372DC3EDF600900B78 /* Main.storyboard */; };
		764CD73C2DC3EDF600900B78 /* T_Trips.xcdatamodeld in Sources */ = {isa = PBXBuildFile; fileRef = 764CD73A2DC3EDF600900B78 /* T_Trips.xcdatamodeld */; };
		764CD73E2DC3EDFC00900B78 /* Assets.xcassets in Resources */ = {isa = PBXBuildFile; fileRef = 764CD73D2DC3EDFC00900B78 /* Assets.xcassets */; };
		764CD7412DC3EDFC00900B78 /* LaunchScreen.storyboard in Resources */ = {isa = PBXBuildFile; fileRef = 764CD73F2DC3EDFC00900B78 /* LaunchScreen.storyboard */; };
		764CD74A2DC3F7B800900B78 /* SnapKit in Frameworks */ = {isa = PBXBuildFile; productRef = 764CD7492DC3F7B800900B78 /* SnapKit */; };
		764CD74C2DC3FD0600900B78 /* .swiftlint.yml in Resources */ = {isa = PBXBuildFile; fileRef = 764CD74B2DC3FD0600900B78 /* .swiftlint.yml */; };
/* End PBXBuildFile section */

/* Begin PBXFileReference section */
		764CD72E2DC3EDF600900B78 /* T-Trips.app */ = {isa = PBXFileReference; explicitFileType = wrapper.application; includeInIndex = 0; path = "T-Trips.app"; sourceTree = BUILT_PRODUCTS_DIR; };
		764CD7312DC3EDF600900B78 /* AppDelegate.swift */ = {isa = PBXFileReference; lastKnownFileType = sourcecode.swift; path = AppDelegate.swift; sourceTree = "<group>"; };
		764CD7332DC3EDF600900B78 /* SceneDelegate.swift */ = {isa = PBXFileReference; lastKnownFileType = sourcecode.swift; path = SceneDelegate.swift; sourceTree = "<group>"; };
		764CD7352DC3EDF600900B78 /* ViewController.swift */ = {isa = PBXFileReference; lastKnownFileType = sourcecode.swift; path = ViewController.swift; sourceTree = "<group>"; };
		764CD7382DC3EDF600900B78 /* Base */ = {isa = PBXFileReference; lastKnownFileType = file.storyboard; name = Base; path = Base.lproj/Main.storyboard; sourceTree = "<group>"; };
		764CD73B2DC3EDF600900B78 /* T_Trips.xcdatamodel */ = {isa = PBXFileReference; lastKnownFileType = wrapper.xcdatamodel; path = T_Trips.xcdatamodel; sourceTree = "<group>"; };
		764CD73D2DC3EDFC00900B78 /* Assets.xcassets */ = {isa = PBXFileReference; lastKnownFileType = folder.assetcatalog; path = Assets.xcassets; sourceTree = "<group>"; };
		764CD7402DC3EDFC00900B78 /* Base */ = {isa = PBXFileReference; lastKnownFileType = file.storyboard; name = Base; path = Base.lproj/LaunchScreen.storyboard; sourceTree = "<group>"; };
		764CD7422DC3EDFC00900B78 /* Info.plist */ = {isa = PBXFileReference; lastKnownFileType = text.plist.xml; path = Info.plist; sourceTree = "<group>"; };
		764CD74B2DC3FD0600900B78 /* .swiftlint.yml */ = {isa = PBXFileReference; lastKnownFileType = text.yaml; path = .swiftlint.yml; sourceTree = "<group>"; };
/* End PBXFileReference section */

/* Begin PBXFrameworksBuildPhase section */
		764CD72B2DC3EDF600900B78 /* Frameworks */ = {
			isa = PBXFrameworksBuildPhase;
			buildActionMask = 2147483647;
			files = (
				764CD74A2DC3F7B800900B78 /* SnapKit in Frameworks */,
			);
			runOnlyForDeploymentPostprocessing = 0;
		};
/* End PBXFrameworksBuildPhase section */

/* Begin PBXGroup section */
		764CD7252DC3EDF600900B78 = {
			isa = PBXGroup;
			children = (
				764CD74B2DC3FD0600900B78 /* .swiftlint.yml */,
				764CD7302DC3EDF600900B78 /* T-Trips */,
				764CD72F2DC3EDF600900B78 /* Products */,
			);
			sourceTree = "<group>";
		};
		764CD72F2DC3EDF600900B78 /* Products */ = {
			isa = PBXGroup;
			children = (
				764CD72E2DC3EDF600900B78 /* T-Trips.app */,
			);
			name = Products;
			sourceTree = "<group>";
		};
		764CD7302DC3EDF600900B78 /* T-Trips */ = {
			isa = PBXGroup;
			children = (
				764CD7312DC3EDF600900B78 /* AppDelegate.swift */,
				764CD7332DC3EDF600900B78 /* SceneDelegate.swift */,
				764CD7352DC3EDF600900B78 /* ViewController.swift */,
				764CD7372DC3EDF600900B78 /* Main.storyboard */,
				764CD73D2DC3EDFC00900B78 /* Assets.xcassets */,
				764CD73F2DC3EDFC00900B78 /* LaunchScreen.storyboard */,
				764CD7422DC3EDFC00900B78 /* Info.plist */,
				764CD73A2DC3EDF600900B78 /* T_Trips.xcdatamodeld */,
			);
			path = "T-Trips";
			sourceTree = "<group>";
		};
/* End PBXGroup section */

/* Begin PBXNativeTarget section */
		764CD72D2DC3EDF600900B78 /* T-Trips */ = {
			isa = PBXNativeTarget;
			buildConfigurationList = 764CD7452DC3EDFC00900B78 /* Build configuration list for PBXNativeTarget "T-Trips" */;
			buildPhases = (
				76B8D4322DC3FEB500C36484 /* ShellScript */,
				764CD72A2DC3EDF600900B78 /* Sources */,
				764CD72B2DC3EDF600900B78 /* Frameworks */,
				764CD72C2DC3EDF600900B78 /* Resources */,
			);
			buildRules = (
			);
			dependencies = (
			);
			name = "T-Trips";
			packageProductDependencies = (
				764CD7492DC3F7B800900B78 /* SnapKit */,
			);
			productName = "T-Trips";
			productReference = 764CD72E2DC3EDF600900B78 /* T-Trips.app */;
			productType = "com.apple.product-type.application";
		};
/* End PBXNativeTarget section */

/* Begin PBXProject section */
		764CD7262DC3EDF600900B78 /* Project object */ = {
			isa = PBXProject;
			attributes = {
				BuildIndependentTargetsInParallel = 1;
				LastSwiftUpdateCheck = 1400;
				LastUpgradeCheck = 1400;
				TargetAttributes = {
					764CD72D2DC3EDF600900B78 = {
						CreatedOnToolsVersion = 14.0.1;
					};
				};
			};
			buildConfigurationList = 764CD7292DC3EDF600900B78 /* Build configuration list for PBXProject "T-Trips" */;
			compatibilityVersion = "Xcode 14.0";
			developmentRegion = en;
			hasScannedForEncodings = 0;
			knownRegions = (
				en,
				Base,
			);
			mainGroup = 764CD7252DC3EDF600900B78;
			packageReferences = (
				764CD7482DC3F7B800900B78 /* XCRemoteSwiftPackageReference "SnapKit" */,
			);
			productRefGroup = 764CD72F2DC3EDF600900B78 /* Products */;
			projectDirPath = "";
			projectRoot = "";
			targets = (
				764CD72D2DC3EDF600900B78 /* T-Trips */,
			);
		};
/* End PBXProject section */

/* Begin PBXResourcesBuildPhase section */
		764CD72C2DC3EDF600900B78 /* Resources */ = {
			isa = PBXResourcesBuildPhase;
			buildActionMask = 2147483647;
			files = (
				764CD74C2DC3FD0600900B78 /* .swiftlint.yml in Resources */,
				764CD7412DC3EDFC00900B78 /* LaunchScreen.storyboard in Resources */,
				764CD73E2DC3EDFC00900B78 /* Assets.xcassets in Resources */,
				764CD7392DC3EDF600900B78 /* Main.storyboard in Resources */,
			);
			runOnlyForDeploymentPostprocessing = 0;
		};
/* End PBXResourcesBuildPhase section */

/* Begin PBXShellScriptBuildPhase section */
		76B8D4322DC3FEB500C36484 /* ShellScript */ = {
			isa = PBXShellScriptBuildPhase;
			buildActionMask = 2147483647;
			files = (
			);
			inputFileListPaths = (
			);
			inputPaths = (
			);
			outputFileListPaths = (
			);
			outputPaths = (
			);
			runOnlyForDeploymentPostprocessing = 0;
			shellPath = /bin/sh;
			shellScript = "if which swiftlint >/dev/null; then\n  swiftlint\nelse\n  echo \"Ошибка: SwiftLint не установлен\"\nfi\n";
		};
/* End PBXShellScriptBuildPhase section */

/* Begin PBXSourcesBuildPhase section */
		764CD72A2DC3EDF600900B78 /* Sources */ = {
			isa = PBXSourcesBuildPhase;
			buildActionMask = 2147483647;
			files = (
				764CD7362DC3EDF600900B78 /* ViewController.swift in Sources */,
				764CD73C2DC3EDF600900B78 /* T_Trips.xcdatamodeld in Sources */,
				764CD7322DC3EDF600900B78 /* AppDelegate.swift in Sources */,
				764CD7342DC3EDF600900B78 /* SceneDelegate.swift in Sources */,
			);
			runOnlyForDeploymentPostprocessing = 0;
		};
/* End PBXSourcesBuildPhase section */

/* Begin PBXVariantGroup section */
		764CD7372DC3EDF600900B78 /* Main.storyboard */ = {
			isa = PBXVariantGroup;
			children = (
				764CD7382DC3EDF600900B78 /* Base */,
			);
			name = Main.storyboard;
			sourceTree = "<group>";
		};
		764CD73F2DC3EDFC00900B78 /* LaunchScreen.storyboard */ = {
			isa = PBXVariantGroup;
			children = (
				764CD7402DC3EDFC00900B78 /* Base */,
			);
			name = LaunchScreen.storyboard;
			sourceTree = "<group>";
		};
/* End PBXVariantGroup section */

/* Begin XCBuildConfiguration section */
		764CD7432DC3EDFC00900B78 /* Debug */ = {
			isa = XCBuildConfiguration;
			buildSettings = {
				ALWAYS_SEARCH_USER_PATHS = NO;
				CLANG_ANALYZER_NONNULL = YES;
				CLANG_ANALYZER_NUMBER_OBJECT_CONVERSION = YES_AGGRESSIVE;
				CLANG_CXX_LANGUAGE_STANDARD = "gnu++20";
				CLANG_ENABLE_MODULES = YES;
				CLANG_ENABLE_OBJC_ARC = YES;
				CLANG_ENABLE_OBJC_WEAK = YES;
				CLANG_WARN_BLOCK_CAPTURE_AUTORELEASING = YES;
				CLANG_WARN_BOOL_CONVERSION = YES;
				CLANG_WARN_COMMA = YES;
				CLANG_WARN_CONSTANT_CONVERSION = YES;
				CLANG_WARN_DEPRECATED_OBJC_IMPLEMENTATIONS = YES;
				CLANG_WARN_DIRECT_OBJC_ISA_USAGE = YES_ERROR;
				CLANG_WARN_DOCUMENTATION_COMMENTS = YES;
				CLANG_WARN_EMPTY_BODY = YES;
				CLANG_WARN_ENUM_CONVERSION = YES;
				CLANG_WARN_INFINITE_RECURSION = YES;
				CLANG_WARN_INT_CONVERSION = YES;
				CLANG_WARN_NON_LITERAL_NULL_CONVERSION = YES;
				CLANG_WARN_OBJC_IMPLICIT_RETAIN_SELF = YES;
				CLANG_WARN_OBJC_LITERAL_CONVERSION = YES;
				CLANG_WARN_OBJC_ROOT_CLASS = YES_ERROR;
				CLANG_WARN_QUOTED_INCLUDE_IN_FRAMEWORK_HEADER = YES;
				CLANG_WARN_RANGE_LOOP_ANALYSIS = YES;
				CLANG_WARN_STRICT_PROTOTYPES = YES;
				CLANG_WARN_SUSPICIOUS_MOVE = YES;
				CLANG_WARN_UNGUARDED_AVAILABILITY = YES_AGGRESSIVE;
				CLANG_WARN_UNREACHABLE_CODE = YES;
				CLANG_WARN__DUPLICATE_METHOD_MATCH = YES;
				COPY_PHASE_STRIP = NO;
				DEBUG_INFORMATION_FORMAT = dwarf;
				ENABLE_STRICT_OBJC_MSGSEND = YES;
				ENABLE_TESTABILITY = YES;
				GCC_C_LANGUAGE_STANDARD = gnu11;
				GCC_DYNAMIC_NO_PIC = NO;
				GCC_NO_COMMON_BLOCKS = YES;
				GCC_OPTIMIZATION_LEVEL = 0;
				GCC_PREPROCESSOR_DEFINITIONS = (
					"DEBUG=1",
					"$(inherited)",
				);
				GCC_WARN_64_TO_32_BIT_CONVERSION = YES;
				GCC_WARN_ABOUT_RETURN_TYPE = YES_ERROR;
				GCC_WARN_UNDECLARED_SELECTOR = YES;
				GCC_WARN_UNINITIALIZED_AUTOS = YES_AGGRESSIVE;
				GCC_WARN_UNUSED_FUNCTION = YES;
				GCC_WARN_UNUSED_VARIABLE = YES;
				IPHONEOS_DEPLOYMENT_TARGET = 16.0;
				MTL_ENABLE_DEBUG_INFO = INCLUDE_SOURCE;
				MTL_FAST_MATH = YES;
				ONLY_ACTIVE_ARCH = YES;
				SDKROOT = iphoneos;
				SWIFT_ACTIVE_COMPILATION_CONDITIONS = DEBUG;
				SWIFT_OPTIMIZATION_LEVEL = "-Onone";
			};
			name = Debug;
		};
		764CD7442DC3EDFC00900B78 /* Release */ = {
			isa = XCBuildConfiguration;
			buildSettings = {
				ALWAYS_SEARCH_USER_PATHS = NO;
				CLANG_ANALYZER_NONNULL = YES;
				CLANG_ANALYZER_NUMBER_OBJECT_CONVERSION = YES_AGGRESSIVE;
				CLANG_CXX_LANGUAGE_STANDARD = "gnu++20";
				CLANG_ENABLE_MODULES = YES;
				CLANG_ENABLE_OBJC_ARC = YES;
				CLANG_ENABLE_OBJC_WEAK = YES;
				CLANG_WARN_BLOCK_CAPTURE_AUTORELEASING = YES;
				CLANG_WARN_BOOL_CONVERSION = YES;
				CLANG_WARN_COMMA = YES;
				CLANG_WARN_CONSTANT_CONVERSION = YES;
				CLANG_WARN_DEPRECATED_OBJC_IMPLEMENTATIONS = YES;
				CLANG_WARN_DIRECT_OBJC_ISA_USAGE = YES_ERROR;
				CLANG_WARN_DOCUMENTATION_COMMENTS = YES;
				CLANG_WARN_EMPTY_BODY = YES;
				CLANG_WARN_ENUM_CONVERSION = YES;
				CLANG_WARN_INFINITE_RECURSION = YES;
				CLANG_WARN_INT_CONVERSION = YES;
				CLANG_WARN_NON_LITERAL_NULL_CONVERSION = YES;
				CLANG_WARN_OBJC_IMPLICIT_RETAIN_SELF = YES;
				CLANG_WARN_OBJC_LITERAL_CONVERSION = YES;
				CLANG_WARN_OBJC_ROOT_CLASS = YES_ERROR;
				CLANG_WARN_QUOTED_INCLUDE_IN_FRAMEWORK_HEADER = YES;
				CLANG_WARN_RANGE_LOOP_ANALYSIS = YES;
				CLANG_WARN_STRICT_PROTOTYPES = YES;
				CLANG_WARN_SUSPICIOUS_MOVE = YES;
				CLANG_WARN_UNGUARDED_AVAILABILITY = YES_AGGRESSIVE;
				CLANG_WARN_UNREACHABLE_CODE = YES;
				CLANG_WARN__DUPLICATE_METHOD_MATCH = YES;
				COPY_PHASE_STRIP = NO;
				DEBUG_INFORMATION_FORMAT = "dwarf-with-dsym";
				ENABLE_NS_ASSERTIONS = NO;
				ENABLE_STRICT_OBJC_MSGSEND = YES;
				GCC_C_LANGUAGE_STANDARD = gnu11;
				GCC_NO_COMMON_BLOCKS = YES;
				GCC_WARN_64_TO_32_BIT_CONVERSION = YES;
				GCC_WARN_ABOUT_RETURN_TYPE = YES_ERROR;
				GCC_WARN_UNDECLARED_SELECTOR = YES;
				GCC_WARN_UNINITIALIZED_AUTOS = YES_AGGRESSIVE;
				GCC_WARN_UNUSED_FUNCTION = YES;
				GCC_WARN_UNUSED_VARIABLE = YES;
				IPHONEOS_DEPLOYMENT_TARGET = 16.0;
				MTL_ENABLE_DEBUG_INFO = NO;
				MTL_FAST_MATH = YES;
				SDKROOT = iphoneos;
				SWIFT_COMPILATION_MODE = wholemodule;
				SWIFT_OPTIMIZATION_LEVEL = "-O";
				VALIDATE_PRODUCT = YES;
			};
			name = Release;
		};
		764CD7462DC3EDFC00900B78 /* Debug */ = {
			isa = XCBuildConfiguration;
			buildSettings = {
				ASSETCATALOG_COMPILER_APPICON_NAME = AppIcon;
				ASSETCATALOG_COMPILER_GLOBAL_ACCENT_COLOR_NAME = AccentColor;
				CODE_SIGN_STYLE = Automatic;
				CURRENT_PROJECT_VERSION = 1;
				DEVELOPMENT_TEAM = T5NQU96D85;
				GENERATE_INFOPLIST_FILE = YES;
				INFOPLIST_FILE = "T-Trips/Info.plist";
				INFOPLIST_KEY_UIApplicationSupportsIndirectInputEvents = YES;
				INFOPLIST_KEY_UILaunchStoryboardName = LaunchScreen;
				INFOPLIST_KEY_UIMainStoryboardFile = Main;
				INFOPLIST_KEY_UISupportedInterfaceOrientations_iPad = "UIInterfaceOrientationPortrait UIInterfaceOrientationPortraitUpsideDown UIInterfaceOrientationLandscapeLeft UIInterfaceOrientationLandscapeRight";
				INFOPLIST_KEY_UISupportedInterfaceOrientations_iPhone = "UIInterfaceOrientationPortrait UIInterfaceOrientationLandscapeLeft UIInterfaceOrientationLandscapeRight";
				IPHONEOS_DEPLOYMENT_TARGET = 15.0;
				LD_RUNPATH_SEARCH_PATHS = (
					"$(inherited)",
					"@executable_path/Frameworks",
				);
				MARKETING_VERSION = 1.0;
				PRODUCT_BUNDLE_IDENTIFIER = "Timur-Salakhiev.T-Trips";
				PRODUCT_NAME = "$(TARGET_NAME)";
				SWIFT_EMIT_LOC_STRINGS = YES;
				SWIFT_VERSION = 5.0;
				TARGETED_DEVICE_FAMILY = "1,2";
			};
			name = Debug;
		};
		764CD7472DC3EDFC00900B78 /* Release */ = {
			isa = XCBuildConfiguration;
			buildSettings = {
				ASSETCATALOG_COMPILER_APPICON_NAME = AppIcon;
				ASSETCATALOG_COMPILER_GLOBAL_ACCENT_COLOR_NAME = AccentColor;
				CODE_SIGN_STYLE = Automatic;
				CURRENT_PROJECT_VERSION = 1;
				DEVELOPMENT_TEAM = T5NQU96D85;
				GENERATE_INFOPLIST_FILE = YES;
				INFOPLIST_FILE = "T-Trips/Info.plist";
				INFOPLIST_KEY_UIApplicationSupportsIndirectInputEvents = YES;
				INFOPLIST_KEY_UILaunchStoryboardName = LaunchScreen;
				INFOPLIST_KEY_UIMainStoryboardFile = Main;
				INFOPLIST_KEY_UISupportedInterfaceOrientations_iPad = "UIInterfaceOrientationPortrait UIInterfaceOrientationPortraitUpsideDown UIInterfaceOrientationLandscapeLeft UIInterfaceOrientationLandscapeRight";
				INFOPLIST_KEY_UISupportedInterfaceOrientations_iPhone = "UIInterfaceOrientationPortrait UIInterfaceOrientationLandscapeLeft UIInterfaceOrientationLandscapeRight";
				IPHONEOS_DEPLOYMENT_TARGET = 15.0;
				LD_RUNPATH_SEARCH_PATHS = (
					"$(inherited)",
					"@executable_path/Frameworks",
				);
				MARKETING_VERSION = 1.0;
				PRODUCT_BUNDLE_IDENTIFIER = "Timur-Salakhiev.T-Trips";
				PRODUCT_NAME = "$(TARGET_NAME)";
				SWIFT_EMIT_LOC_STRINGS = YES;
				SWIFT_VERSION = 5.0;
				TARGETED_DEVICE_FAMILY = "1,2";
			};
			name = Release;
		};
/* End XCBuildConfiguration section */

/* Begin XCConfigurationList section */
		764CD7292DC3EDF600900B78 /* Build configuration list for PBXProject "T-Trips" */ = {
			isa = XCConfigurationList;
			buildConfigurations = (
				764CD7432DC3EDFC00900B78 /* Debug */,
				764CD7442DC3EDFC00900B78 /* Release */,
			);
			defaultConfigurationIsVisible = 0;
			defaultConfigurationName = Release;
		};
		764CD7452DC3EDFC00900B78 /* Build configuration list for PBXNativeTarget "T-Trips" */ = {
			isa = XCConfigurationList;
			buildConfigurations = (
				764CD7462DC3EDFC00900B78 /* Debug */,
				764CD7472DC3EDFC00900B78 /* Release */,
			);
			defaultConfigurationIsVisible = 0;
			defaultConfigurationName = Release;
		};
/* End XCConfigurationList section */

/* Begin XCRemoteSwiftPackageReference section */
		764CD7482DC3F7B800900B78 /* XCRemoteSwiftPackageReference "SnapKit" */ = {
			isa = XCRemoteSwiftPackageReference;
			repositoryURL = "https://github.com/SnapKit/SnapKit.git";
			requirement = {
				kind = upToNextMajorVersion;
				minimumVersion = 5.0.0;
			};
		};
/* End XCRemoteSwiftPackageReference section */

/* Begin XCSwiftPackageProductDependency section */
		764CD7492DC3F7B800900B78 /* SnapKit */ = {
			isa = XCSwiftPackageProductDependency;
			package = 764CD7482DC3F7B800900B78 /* XCRemoteSwiftPackageReference "SnapKit" */;
			productName = SnapKit;
		};
/* End XCSwiftPackageProductDependency section */

/* Begin XCVersionGroup section */
		764CD73A2DC3EDF600900B78 /* T_Trips.xcdatamodeld */ = {
			isa = XCVersionGroup;
			children = (
				764CD73B2DC3EDF600900B78 /* T_Trips.xcdatamodel */,
			);
			currentVersion = 764CD73B2DC3EDF600900B78 /* T_Trips.xcdatamodel */;
			path = T_Trips.xcdatamodeld;
			sourceTree = "<group>";
			versionGroupType = wrapper.xcdatamodel;
		};
/* End XCVersionGroup section */
	};
	rootObject = 764CD7262DC3EDF600900B78 /* Project object */;
}
